// !$*UTF8*$!
{
	archiveVersion = 1;
	classes = {
	};
	objectVersion = 56;
	objects = {

/* Begin PBXBuildFile section */
		1A0D794E6805F75B088C0939 /* DwebBrowserApp.swift in Sources */ = {isa = PBXBuildFile; fileRef = 1A0D7C84CC71A12D5FCBBF78 /* DwebBrowserApp.swift */; };
		3228A1152C885AD700D52353 /* EdgeAnimationView.swift in Sources */ = {isa = PBXBuildFile; fileRef = 3228A1142C885AD700D52353 /* EdgeAnimationView.swift */; };
		3D0947422D31325300CE8505 /* InfoPlist.strings in Resources */ = {isa = PBXBuildFile; fileRef = 3D0947402D31325300CE8505 /* InfoPlist.strings */; };
		3D0947452D31325300CE8505 /* Localizable.strings in Resources */ = {isa = PBXBuildFile; fileRef = 3D0947432D31325300CE8505 /* Localizable.strings */; };
		48001B9F2B8ED4CB00F47669 /* DwebBrowserUITests.swift in Sources */ = {isa = PBXBuildFile; fileRef = 48001B9E2B8ED4CB00F47669 /* DwebBrowserUITests.swift */; };
		48001BA12B8ED4CB00F47669 /* DwebBrowserUITestsLaunchTests.swift in Sources */ = {isa = PBXBuildFile; fileRef = 48001BA02B8ED4CB00F47669 /* DwebBrowserUITestsLaunchTests.swift */; };
		48001BAA2B8F1ADE00F47669 /* DwebUITestCase.swift in Sources */ = {isa = PBXBuildFile; fileRef = 48001BA92B8F1ADE00F47669 /* DwebUITestCase.swift */; };
		4803C00C2B4FF541006B2F79 /* DependencyHeaders.swift in Sources */ = {isa = PBXBuildFile; fileRef = 4803C00B2B4FF541006B2F79 /* DependencyHeaders.swift */; };
		4803C0152B4FF846006B2F79 /* DwebDeepLink.swift in Sources */ = {isa = PBXBuildFile; fileRef = 4803C0142B4FF846006B2F79 /* DwebDeepLink.swift */; };
		4803C0182B4FF907006B2F79 /* KotlinComposeMetalRedrawerFix.swift in Sources */ = {isa = PBXBuildFile; fileRef = 4803C0162B4FF897006B2F79 /* KotlinComposeMetalRedrawerFix.swift */; };
		481488662B970A3E005D7D00 /* LinkSort.order in Resources */ = {isa = PBXBuildFile; fileRef = 48C4F2DD2B85940B00671A91 /* LinkSort.order */; };
		481E15652B6750AE003870F6 /* ShortcutTools.swift in Sources */ = {isa = PBXBuildFile; fileRef = 481E15642B6750AE003870F6 /* ShortcutTools.swift */; };
		4824F5C62B8DC6CC00CD3D2D /* DwebBrowserTests.swift in Sources */ = {isa = PBXBuildFile; fileRef = 4824F5C52B8DC6CC00CD3D2D /* DwebBrowserTests.swift */; };
		48308D162B9856A800AC3FC6 /* DwebPlatformIosKit.framework in Frameworks */ = {isa = PBXBuildFile; fileRef = 48308D152B9856A800AC3FC6 /* DwebPlatformIosKit.framework */; };
		48308D172B9856A800AC3FC6 /* DwebPlatformIosKit.framework in Embed Frameworks */ = {isa = PBXBuildFile; fileRef = 48308D152B9856A800AC3FC6 /* DwebPlatformIosKit.framework */; settings = {ATTRIBUTES = (CodeSignOnCopy, RemoveHeadersOnCopy, ); }; };
		48308D192B9856AC00AC3FC6 /* DwebWebBrowser.framework in Frameworks */ = {isa = PBXBuildFile; fileRef = 48308D182B9856AC00AC3FC6 /* DwebWebBrowser.framework */; };
		48308D1A2B9856AC00AC3FC6 /* DwebWebBrowser.framework in Embed Frameworks */ = {isa = PBXBuildFile; fileRef = 48308D182B9856AC00AC3FC6 /* DwebWebBrowser.framework */; settings = {ATTRIBUTES = (CodeSignOnCopy, RemoveHeadersOnCopy, ); }; };
		48334DC72B50CF7100399FFF /* TouchThroughView.swift in Sources */ = {isa = PBXBuildFile; fileRef = 48334DC62B50CF7000399FFF /* TouchThroughView.swift */; };
		48334DC92B50CFFF00399FFF /* Assets.xcassets in Resources */ = {isa = PBXBuildFile; fileRef = 48334DC82B50CFFF00399FFF /* Assets.xcassets */; };
		48334DEC2B50D11300399FFF /* DwebBrowserCommon.framework in Frameworks */ = {isa = PBXBuildFile; fileRef = 48334DEB2B50D11300399FFF /* DwebBrowserCommon.framework */; };
		48334DED2B50D11300399FFF /* DwebBrowserCommon.framework in Embed Frameworks */ = {isa = PBXBuildFile; fileRef = 48334DEB2B50D11300399FFF /* DwebBrowserCommon.framework */; settings = {ATTRIBUTES = (CodeSignOnCopy, RemoveHeadersOnCopy, ); }; };
		4850503E2B1466C700080723 /* DwebDeskRootView.swift in Sources */ = {isa = PBXBuildFile; fileRef = 4850503D2B1466C700080723 /* DwebDeskRootView.swift */; };
		485050412B146B5700080723 /* Preview Assets.xcassets in Resources */ = {isa = PBXBuildFile; fileRef = 485050402B146B5700080723 /* Preview Assets.xcassets */; };
		4876C7182AFDD94E00CDF8BF /* DwebBrowserAppDelegate.swift in Sources */ = {isa = PBXBuildFile; fileRef = 4876C7172AFDD94E00CDF8BF /* DwebBrowserAppDelegate.swift */; };
		487D7FCB2B6A24DC00DA8162 /* DwebLifeStatusCenter.swift in Sources */ = {isa = PBXBuildFile; fileRef = 487D7FCA2B6A24DC00DA8162 /* DwebLifeStatusCenter.swift */; };
		48CC08312B634943007B0ADB /* DwebDeskAlertTips.swift in Sources */ = {isa = PBXBuildFile; fileRef = 48CC08302B634943007B0ADB /* DwebDeskAlertTips.swift */; };
		48DAB2612B9EE6B100DA1EF2 /* DwebConsoleView.swift in Sources */ = {isa = PBXBuildFile; fileRef = 48DAB2602B9EE6B100DA1EF2 /* DwebConsoleView.swift */; };
		48F54EDB2B17233E003A64AC /* DwebDeskVCStore.swift in Sources */ = {isa = PBXBuildFile; fileRef = 48F54EDA2B17233E003A64AC /* DwebDeskVCStore.swift */; };
		F0A0E3692B4D27950024D8DE /* AppVersionMgr.swift in Sources */ = {isa = PBXBuildFile; fileRef = F0A0E3682B4D27950024D8DE /* AppVersionMgr.swift */; };
/* End PBXBuildFile section */

/* Begin PBXContainerItemProxy section */
		48001BA22B8ED4CB00F47669 /* PBXContainerItemProxy */ = {
			isa = PBXContainerItemProxy;
			containerPortal = 7555FF73242A565900829871 /* Project object */;
			proxyType = 1;
			remoteGlobalIDString = 7555FF7A242A565900829871;
			remoteInfo = DwebBrowser;
		};
		4824F5C72B8DC6CC00CD3D2D /* PBXContainerItemProxy */ = {
			isa = PBXContainerItemProxy;
			containerPortal = 7555FF73242A565900829871 /* Project object */;
			proxyType = 1;
			remoteGlobalIDString = 7555FF7A242A565900829871;
			remoteInfo = DwebBrowser;
		};
/* End PBXContainerItemProxy section */

/* Begin PBXCopyFilesBuildPhase section */
		4819C2E12B4FE87A001BB45D /* Embed Frameworks */ = {
			isa = PBXCopyFilesBuildPhase;
			buildActionMask = 2147483647;
			dstPath = "";
			dstSubfolderSpec = 10;
			files = (
				48308D172B9856A800AC3FC6 /* DwebPlatformIosKit.framework in Embed Frameworks */,
				48334DED2B50D11300399FFF /* DwebBrowserCommon.framework in Embed Frameworks */,
				48308D1A2B9856AC00AC3FC6 /* DwebWebBrowser.framework in Embed Frameworks */,
			);
			name = "Embed Frameworks";
			runOnlyForDeploymentPostprocessing = 0;
		};
/* End PBXCopyFilesBuildPhase section */

/* Begin PBXFileReference section */
		1A0D7C84CC71A12D5FCBBF78 /* DwebBrowserApp.swift */ = {isa = PBXFileReference; fileEncoding = 4; lastKnownFileType = sourcecode.swift; path = DwebBrowserApp.swift; sourceTree = "<group>"; };
		3228A1142C885AD700D52353 /* EdgeAnimationView.swift */ = {isa = PBXFileReference; lastKnownFileType = sourcecode.swift; path = EdgeAnimationView.swift; sourceTree = "<group>"; };
		3D037B8C2C4392FB00AF8A00 /* DwebBrowser.entitlements */ = {isa = PBXFileReference; lastKnownFileType = text.plist.entitlements; path = DwebBrowser.entitlements; sourceTree = "<group>"; };
		3D0947412D31325300CE8505 /* zh-Hans */ = {isa = PBXFileReference; lastKnownFileType = text.plist.strings; name = "zh-Hans"; path = "zh-Hans.lproj/InfoPlist.strings"; sourceTree = "<group>"; };
		3D0947442D31325300CE8505 /* zh-Hans */ = {isa = PBXFileReference; lastKnownFileType = text.plist.strings; name = "zh-Hans"; path = "zh-Hans.lproj/Localizable.strings"; sourceTree = "<group>"; };
		3D0947462D31325A00CE8505 /* zh-Hant */ = {isa = PBXFileReference; lastKnownFileType = text.plist.strings; name = "zh-Hant"; path = "zh-Hant.lproj/InfoPlist.strings"; sourceTree = "<group>"; };
		3D0947472D31325A00CE8505 /* zh-Hant */ = {isa = PBXFileReference; lastKnownFileType = text.plist.strings; name = "zh-Hant"; path = "zh-Hant.lproj/Localizable.strings"; sourceTree = "<group>"; };
		3D0947482D31326000CE8505 /* zh-HK */ = {isa = PBXFileReference; lastKnownFileType = text.plist.strings; name = "zh-HK"; path = "zh-HK.lproj/InfoPlist.strings"; sourceTree = "<group>"; };
		3D0947492D31326000CE8505 /* zh-HK */ = {isa = PBXFileReference; lastKnownFileType = text.plist.strings; name = "zh-HK"; path = "zh-HK.lproj/Localizable.strings"; sourceTree = "<group>"; };
		48001B9C2B8ED4CB00F47669 /* DwebBrowserUITests.xctest */ = {isa = PBXFileReference; explicitFileType = wrapper.cfbundle; includeInIndex = 0; path = DwebBrowserUITests.xctest; sourceTree = BUILT_PRODUCTS_DIR; };
		48001B9E2B8ED4CB00F47669 /* DwebBrowserUITests.swift */ = {isa = PBXFileReference; lastKnownFileType = sourcecode.swift; path = DwebBrowserUITests.swift; sourceTree = "<group>"; };
		48001BA02B8ED4CB00F47669 /* DwebBrowserUITestsLaunchTests.swift */ = {isa = PBXFileReference; lastKnownFileType = sourcecode.swift; path = DwebBrowserUITestsLaunchTests.swift; sourceTree = "<group>"; };
		48001BA92B8F1ADE00F47669 /* DwebUITestCase.swift */ = {isa = PBXFileReference; lastKnownFileType = sourcecode.swift; path = DwebUITestCase.swift; sourceTree = "<group>"; };
		48001BBD2B8F26BF00F47669 /* LinkOrder_README.md */ = {isa = PBXFileReference; lastKnownFileType = net.daringfireball.markdown; path = LinkOrder_README.md; sourceTree = "<group>"; };
		4803C00B2B4FF541006B2F79 /* DependencyHeaders.swift */ = {isa = PBXFileReference; fileEncoding = 4; lastKnownFileType = sourcecode.swift; path = DependencyHeaders.swift; sourceTree = "<group>"; };
		4803C0142B4FF846006B2F79 /* DwebDeepLink.swift */ = {isa = PBXFileReference; fileEncoding = 4; lastKnownFileType = sourcecode.swift; path = DwebDeepLink.swift; sourceTree = "<group>"; };
		4803C0162B4FF897006B2F79 /* KotlinComposeMetalRedrawerFix.swift */ = {isa = PBXFileReference; fileEncoding = 4; lastKnownFileType = sourcecode.swift; path = KotlinComposeMetalRedrawerFix.swift; sourceTree = "<group>"; };
		481488642B96C186005D7D00 /* OrderBuildConfig.sh */ = {isa = PBXFileReference; lastKnownFileType = text.script.sh; path = OrderBuildConfig.sh; sourceTree = "<group>"; };
		4818B8202B91A9F800596B9D /* UpdateBuildConfig.sh */ = {isa = PBXFileReference; fileEncoding = 4; lastKnownFileType = text.script.sh; path = UpdateBuildConfig.sh; sourceTree = "<group>"; };
		4819C2DE2B4FE87A001BB45D /* DwebPlatformIosKit.framework */ = {isa = PBXFileReference; explicitFileType = wrapper.framework; path = DwebPlatformIosKit.framework; sourceTree = BUILT_PRODUCTS_DIR; };
		4819C2E72B4FEC13001BB45D /* DwebWebBrowser.framework */ = {isa = PBXFileReference; explicitFileType = wrapper.framework; path = DwebWebBrowser.framework; sourceTree = BUILT_PRODUCTS_DIR; };
		481E15642B6750AE003870F6 /* ShortcutTools.swift */ = {isa = PBXFileReference; lastKnownFileType = sourcecode.swift; path = ShortcutTools.swift; sourceTree = "<group>"; };
		4824F5C32B8DC6CC00CD3D2D /* DwebBrowserTests.xctest */ = {isa = PBXFileReference; explicitFileType = wrapper.cfbundle; includeInIndex = 0; path = DwebBrowserTests.xctest; sourceTree = BUILT_PRODUCTS_DIR; };
		4824F5C52B8DC6CC00CD3D2D /* DwebBrowserTests.swift */ = {isa = PBXFileReference; lastKnownFileType = sourcecode.swift; path = DwebBrowserTests.swift; sourceTree = "<group>"; };
		48308D122B98569400AC3FC6 /* DwebPlatformIosKit.framework */ = {isa = PBXFileReference; explicitFileType = wrapper.framework; path = DwebPlatformIosKit.framework; sourceTree = BUILT_PRODUCTS_DIR; };
		48308D152B9856A800AC3FC6 /* DwebPlatformIosKit.framework */ = {isa = PBXFileReference; explicitFileType = wrapper.framework; path = DwebPlatformIosKit.framework; sourceTree = BUILT_PRODUCTS_DIR; };
		48308D182B9856AC00AC3FC6 /* DwebWebBrowser.framework */ = {isa = PBXFileReference; explicitFileType = wrapper.framework; path = DwebWebBrowser.framework; sourceTree = BUILT_PRODUCTS_DIR; };
		48334DC62B50CF7000399FFF /* TouchThroughView.swift */ = {isa = PBXFileReference; fileEncoding = 4; lastKnownFileType = sourcecode.swift; path = TouchThroughView.swift; sourceTree = "<group>"; };
		48334DC82B50CFFF00399FFF /* Assets.xcassets */ = {isa = PBXFileReference; lastKnownFileType = folder.assetcatalog; path = Assets.xcassets; sourceTree = "<group>"; };
		48334DEB2B50D11300399FFF /* DwebBrowserCommon.framework */ = {isa = PBXFileReference; explicitFileType = wrapper.framework; path = DwebBrowserCommon.framework; sourceTree = BUILT_PRODUCTS_DIR; };
		4850503D2B1466C700080723 /* DwebDeskRootView.swift */ = {isa = PBXFileReference; lastKnownFileType = sourcecode.swift; path = DwebDeskRootView.swift; sourceTree = "<group>"; };
		485050402B146B5700080723 /* Preview Assets.xcassets */ = {isa = PBXFileReference; lastKnownFileType = folder.assetcatalog; path = "Preview Assets.xcassets"; sourceTree = "<group>"; };
		4876C7172AFDD94E00CDF8BF /* DwebBrowserAppDelegate.swift */ = {isa = PBXFileReference; lastKnownFileType = sourcecode.swift; path = DwebBrowserAppDelegate.swift; sourceTree = "<group>"; };
		487D7FCA2B6A24DC00DA8162 /* DwebLifeStatusCenter.swift */ = {isa = PBXFileReference; lastKnownFileType = sourcecode.swift; path = DwebLifeStatusCenter.swift; sourceTree = "<group>"; };
		48C4F2DD2B85940B00671A91 /* LinkSort.order */ = {isa = PBXFileReference; lastKnownFileType = text; path = LinkSort.order; sourceTree = "<group>"; };
		48CC08302B634943007B0ADB /* DwebDeskAlertTips.swift */ = {isa = PBXFileReference; fileEncoding = 4; lastKnownFileType = sourcecode.swift; path = DwebDeskAlertTips.swift; sourceTree = "<group>"; };
		48DAB2602B9EE6B100DA1EF2 /* DwebConsoleView.swift */ = {isa = PBXFileReference; lastKnownFileType = sourcecode.swift; path = DwebConsoleView.swift; sourceTree = "<group>"; };
		48E35C952B99504B0008AB39 /* UTBuildConfig.sh */ = {isa = PBXFileReference; lastKnownFileType = text.script.sh; path = UTBuildConfig.sh; sourceTree = "<group>"; };
		48F54EDA2B17233E003A64AC /* DwebDeskVCStore.swift */ = {isa = PBXFileReference; fileEncoding = 4; lastKnownFileType = sourcecode.swift; path = DwebDeskVCStore.swift; sourceTree = "<group>"; };
		7555FF7B242A565900829871 /* DwebBrowser.app */ = {isa = PBXFileReference; explicitFileType = wrapper.application; includeInIndex = 0; path = DwebBrowser.app; sourceTree = BUILT_PRODUCTS_DIR; };
		7555FF8C242A565B00829871 /* Info.plist */ = {isa = PBXFileReference; lastKnownFileType = text.plist.xml; path = Info.plist; sourceTree = "<group>"; };
		F0A0E3682B4D27950024D8DE /* AppVersionMgr.swift */ = {isa = PBXFileReference; lastKnownFileType = sourcecode.swift; path = AppVersionMgr.swift; sourceTree = "<group>"; };
/* End PBXFileReference section */

/* Begin PBXFrameworksBuildPhase section */
		48001B992B8ED4CB00F47669 /* Frameworks */ = {
			isa = PBXFrameworksBuildPhase;
			buildActionMask = 2147483647;
			files = (
			);
			runOnlyForDeploymentPostprocessing = 0;
		};
		4824F5C02B8DC6CC00CD3D2D /* Frameworks */ = {
			isa = PBXFrameworksBuildPhase;
			buildActionMask = 2147483647;
			files = (
			);
			runOnlyForDeploymentPostprocessing = 0;
		};
		7555FF78242A565900829871 /* Frameworks */ = {
			isa = PBXFrameworksBuildPhase;
			buildActionMask = 2147483647;
			files = (
				48308D162B9856A800AC3FC6 /* DwebPlatformIosKit.framework in Frameworks */,
				48334DEC2B50D11300399FFF /* DwebBrowserCommon.framework in Frameworks */,
				48308D192B9856AC00AC3FC6 /* DwebWebBrowser.framework in Frameworks */,
			);
			runOnlyForDeploymentPostprocessing = 0;
		};
/* End PBXFrameworksBuildPhase section */

/* Begin PBXGroup section */
		48001B9D2B8ED4CB00F47669 /* DwebBrowserUITests */ = {
			isa = PBXGroup;
			children = (
				48001BA92B8F1ADE00F47669 /* DwebUITestCase.swift */,
				48001B9E2B8ED4CB00F47669 /* DwebBrowserUITests.swift */,
				48001BA02B8ED4CB00F47669 /* DwebBrowserUITestsLaunchTests.swift */,
			);
			path = DwebBrowserUITests;
			sourceTree = "<group>";
		};
		4803C0172B4FF897006B2F79 /* Fix */ = {
			isa = PBXGroup;
			children = (
				4803C0162B4FF897006B2F79 /* KotlinComposeMetalRedrawerFix.swift */,
			);
			path = Fix;
			sourceTree = "<group>";
		};
		4819C2EB2B4FED53001BB45D /* Tools */ = {
			isa = PBXGroup;
			children = (
				F0A0E3682B4D27950024D8DE /* AppVersionMgr.swift */,
				481E15642B6750AE003870F6 /* ShortcutTools.swift */,
			);
			path = Tools;
			sourceTree = "<group>";
		};
		4819C2EC2B4FEE80001BB45D /* Desktop */ = {
			isa = PBXGroup;
			children = (
				48F54EDA2B17233E003A64AC /* DwebDeskVCStore.swift */,
				4850503D2B1466C700080723 /* DwebDeskRootView.swift */,
				48334DC62B50CF7000399FFF /* TouchThroughView.swift */,
				3228A1142C885AD700D52353 /* EdgeAnimationView.swift */,
			);
			path = Desktop;
			sourceTree = "<group>";
		};
		4824F5C42B8DC6CC00CD3D2D /* DwebBrowserTests */ = {
			isa = PBXGroup;
			children = (
				4824F5C52B8DC6CC00CD3D2D /* DwebBrowserTests.swift */,
			);
			path = DwebBrowserTests;
			sourceTree = "<group>";
		};
		4850503F2B146B5700080723 /* Preview Content */ = {
			isa = PBXGroup;
			children = (
				485050402B146B5700080723 /* Preview Assets.xcassets */,
			);
			path = "Preview Content";
			sourceTree = "<group>";
		};
		487D7FC72B69E3BA00DA8162 /* ViewModifiers */ = {
			isa = PBXGroup;
			children = (
				48CC08302B634943007B0ADB /* DwebDeskAlertTips.swift */,
			);
			path = ViewModifiers;
			sourceTree = "<group>";
		};
		48C4F2DC2B8593D900671A91 /* Config */ = {
			isa = PBXGroup;
			children = (
				48C4F2DD2B85940B00671A91 /* LinkSort.order */,
				4818B8202B91A9F800596B9D /* UpdateBuildConfig.sh */,
				481488642B96C186005D7D00 /* OrderBuildConfig.sh */,
				48001BBD2B8F26BF00F47669 /* LinkOrder_README.md */,
				48E35C952B99504B0008AB39 /* UTBuildConfig.sh */,
			);
			path = Config;
			sourceTree = "<group>";
		};
		48DAB25F2B9EE57A00DA1EF2 /* Console */ = {
			isa = PBXGroup;
			children = (
				48DAB2602B9EE6B100DA1EF2 /* DwebConsoleView.swift */,
			);
			path = Console;
			sourceTree = "<group>";
		};
		7555FF72242A565900829871 = {
			isa = PBXGroup;
			children = (
				7555FF7D242A565900829871 /* DwebBrowser */,
				4824F5C42B8DC6CC00CD3D2D /* DwebBrowserTests */,
				48001B9D2B8ED4CB00F47669 /* DwebBrowserUITests */,
				7555FF7C242A565900829871 /* Products */,
				7555FFB0242A642200829871 /* Frameworks */,
			);
			sourceTree = "<group>";
		};
		7555FF7C242A565900829871 /* Products */ = {
			isa = PBXGroup;
			children = (
				7555FF7B242A565900829871 /* DwebBrowser.app */,
				4824F5C32B8DC6CC00CD3D2D /* DwebBrowserTests.xctest */,
				48001B9C2B8ED4CB00F47669 /* DwebBrowserUITests.xctest */,
			);
			name = Products;
			sourceTree = "<group>";
		};
		7555FF7D242A565900829871 /* DwebBrowser */ = {
			isa = PBXGroup;
			children = (
				3D037B8C2C4392FB00AF8A00 /* DwebBrowser.entitlements */,
				1A0D7C84CC71A12D5FCBBF78 /* DwebBrowserApp.swift */,
				487D7FCA2B6A24DC00DA8162 /* DwebLifeStatusCenter.swift */,
				4876C7172AFDD94E00CDF8BF /* DwebBrowserAppDelegate.swift */,
				4803C00B2B4FF541006B2F79 /* DependencyHeaders.swift */,
				4803C0142B4FF846006B2F79 /* DwebDeepLink.swift */,
				48DAB25F2B9EE57A00DA1EF2 /* Console */,
				48C4F2DC2B8593D900671A91 /* Config */,
				487D7FC72B69E3BA00DA8162 /* ViewModifiers */,
				4803C0172B4FF897006B2F79 /* Fix */,
				4819C2EC2B4FEE80001BB45D /* Desktop */,
				4819C2EB2B4FED53001BB45D /* Tools */,
				4850503F2B146B5700080723 /* Preview Content */,
				7555FF8C242A565B00829871 /* Info.plist */,
				3D0947432D31325300CE8505 /* Localizable.strings */,
				3D0947402D31325300CE8505 /* InfoPlist.strings */,
				48334DC82B50CFFF00399FFF /* Assets.xcassets */,
			);
			path = DwebBrowser;
			sourceTree = "<group>";
		};
		7555FFB0242A642200829871 /* Frameworks */ = {
			isa = PBXGroup;
			children = (
				48308D182B9856AC00AC3FC6 /* DwebWebBrowser.framework */,
				48308D152B9856A800AC3FC6 /* DwebPlatformIosKit.framework */,
				48308D122B98569400AC3FC6 /* DwebPlatformIosKit.framework */,
				48334DEB2B50D11300399FFF /* DwebBrowserCommon.framework */,
				4819C2E72B4FEC13001BB45D /* DwebWebBrowser.framework */,
				4819C2DE2B4FE87A001BB45D /* DwebPlatformIosKit.framework */,
			);
			name = Frameworks;
			sourceTree = "<group>";
		};
/* End PBXGroup section */

/* Begin PBXNativeTarget section */
		48001B9B2B8ED4CB00F47669 /* DwebBrowserUITests */ = {
			isa = PBXNativeTarget;
			buildConfigurationList = 48001BA62B8ED4CB00F47669 /* Build configuration list for PBXNativeTarget "DwebBrowserUITests" */;
			buildPhases = (
				48001B982B8ED4CB00F47669 /* Sources */,
				48001B992B8ED4CB00F47669 /* Frameworks */,
				48001B9A2B8ED4CB00F47669 /* Resources */,
			);
			buildRules = (
			);
			dependencies = (
				48001BA32B8ED4CB00F47669 /* PBXTargetDependency */,
			);
			name = DwebBrowserUITests;
			productName = DwebBrowserUITests;
			productReference = 48001B9C2B8ED4CB00F47669 /* DwebBrowserUITests.xctest */;
			productType = "com.apple.product-type.bundle.ui-testing";
		};
		4824F5C22B8DC6CC00CD3D2D /* DwebBrowserTests */ = {
			isa = PBXNativeTarget;
			buildConfigurationList = 4824F5C92B8DC6CC00CD3D2D /* Build configuration list for PBXNativeTarget "DwebBrowserTests" */;
			buildPhases = (
				4824F5BF2B8DC6CC00CD3D2D /* Sources */,
				4824F5C02B8DC6CC00CD3D2D /* Frameworks */,
				4824F5C12B8DC6CC00CD3D2D /* Resources */,
			);
			buildRules = (
			);
			dependencies = (
				4824F5C82B8DC6CC00CD3D2D /* PBXTargetDependency */,
			);
			name = DwebBrowserTests;
			productName = DwebBrowserTests;
			productReference = 4824F5C32B8DC6CC00CD3D2D /* DwebBrowserTests.xctest */;
			productType = "com.apple.product-type.bundle.unit-test";
		};
		7555FF7A242A565900829871 /* DwebBrowser */ = {
			isa = PBXNativeTarget;
			buildConfigurationList = 7555FFA5242A565B00829871 /* Build configuration list for PBXNativeTarget "DwebBrowser" */;
			buildPhases = (
				7555FFB5242A651A00829871 /* ShellScript */,
				7555FF77242A565900829871 /* Sources */,
				7555FF78242A565900829871 /* Frameworks */,
				7555FF79242A565900829871 /* Resources */,
				4819C2E12B4FE87A001BB45D /* Embed Frameworks */,
			);
			buildRules = (
			);
			dependencies = (
			);
			name = DwebBrowser;
			productName = DwebBrowser;
			productReference = 7555FF7B242A565900829871 /* DwebBrowser.app */;
			productType = "com.apple.product-type.application";
		};
/* End PBXNativeTarget section */

/* Begin PBXProject section */
		7555FF73242A565900829871 /* Project object */ = {
			isa = PBXProject;
			attributes = {
				LastSwiftUpdateCheck = 1520;
				LastUpgradeCheck = 1130;
				ORGANIZATIONNAME = orgName;
				TargetAttributes = {
					48001B9B2B8ED4CB00F47669 = {
						CreatedOnToolsVersion = 15.2;
						TestTargetID = 7555FF7A242A565900829871;
					};
					4824F5C22B8DC6CC00CD3D2D = {
						CreatedOnToolsVersion = 15.2;
						TestTargetID = 7555FF7A242A565900829871;
					};
					7555FF7A242A565900829871 = {
						CreatedOnToolsVersion = 11.3.1;
					};
				};
			};
			buildConfigurationList = 7555FF76242A565900829871 /* Build configuration list for PBXProject "DwebBrowser" */;
			compatibilityVersion = "Xcode 14.0";
			developmentRegion = en;
			hasScannedForEncodings = 0;
			knownRegions = (
				en,
				Base,
				"zh-Hans",
				"zh-Hant",
				"zh-HK",
			);
			mainGroup = 7555FF72242A565900829871;
			productRefGroup = 7555FF7C242A565900829871 /* Products */;
			projectDirPath = "";
			projectRoot = "";
			targets = (
				7555FF7A242A565900829871 /* DwebBrowser */,
				4824F5C22B8DC6CC00CD3D2D /* DwebBrowserTests */,
				48001B9B2B8ED4CB00F47669 /* DwebBrowserUITests */,
			);
		};
/* End PBXProject section */

/* Begin PBXResourcesBuildPhase section */
		48001B9A2B8ED4CB00F47669 /* Resources */ = {
			isa = PBXResourcesBuildPhase;
			buildActionMask = 2147483647;
			files = (
			);
			runOnlyForDeploymentPostprocessing = 0;
		};
		4824F5C12B8DC6CC00CD3D2D /* Resources */ = {
			isa = PBXResourcesBuildPhase;
			buildActionMask = 2147483647;
			files = (
			);
			runOnlyForDeploymentPostprocessing = 0;
		};
		7555FF79242A565900829871 /* Resources */ = {
			isa = PBXResourcesBuildPhase;
			buildActionMask = 2147483647;
			files = (
				3D0947452D31325300CE8505 /* Localizable.strings in Resources */,
				48334DC92B50CFFF00399FFF /* Assets.xcassets in Resources */,
				3D0947422D31325300CE8505 /* InfoPlist.strings in Resources */,
				481488662B970A3E005D7D00 /* LinkSort.order in Resources */,
				485050412B146B5700080723 /* Preview Assets.xcassets in Resources */,
			);
			runOnlyForDeploymentPostprocessing = 0;
		};
/* End PBXResourcesBuildPhase section */

/* Begin PBXShellScriptBuildPhase section */
		7555FFB5242A651A00829871 /* ShellScript */ = {
			isa = PBXShellScriptBuildPhase;
			buildActionMask = 12;
			files = (
			);
			inputFileListPaths = (
			);
			inputPaths = (
			);
			outputFileListPaths = (
			);
			outputPaths = (
			);
			runOnlyForDeploymentPostprocessing = 0;
			shellPath = /bin/sh;
			shellScript = "cd \"$SRCROOT/../../..\"\n./gradlew :shared:embedAndSignAppleFrameworkForXcode\n";
		};
/* End PBXShellScriptBuildPhase section */

/* Begin PBXSourcesBuildPhase section */
		48001B982B8ED4CB00F47669 /* Sources */ = {
			isa = PBXSourcesBuildPhase;
			buildActionMask = 2147483647;
			files = (
				48001B9F2B8ED4CB00F47669 /* DwebBrowserUITests.swift in Sources */,
				48001BA12B8ED4CB00F47669 /* DwebBrowserUITestsLaunchTests.swift in Sources */,
				48001BAA2B8F1ADE00F47669 /* DwebUITestCase.swift in Sources */,
			);
			runOnlyForDeploymentPostprocessing = 0;
		};
		4824F5BF2B8DC6CC00CD3D2D /* Sources */ = {
			isa = PBXSourcesBuildPhase;
			buildActionMask = 2147483647;
			files = (
				4824F5C62B8DC6CC00CD3D2D /* DwebBrowserTests.swift in Sources */,
			);
			runOnlyForDeploymentPostprocessing = 0;
		};
		7555FF77242A565900829871 /* Sources */ = {
			isa = PBXSourcesBuildPhase;
			buildActionMask = 2147483647;
			files = (
				487D7FCB2B6A24DC00DA8162 /* DwebLifeStatusCenter.swift in Sources */,
				481E15652B6750AE003870F6 /* ShortcutTools.swift in Sources */,
				3228A1152C885AD700D52353 /* EdgeAnimationView.swift in Sources */,
				48DAB2612B9EE6B100DA1EF2 /* DwebConsoleView.swift in Sources */,
				48334DC72B50CF7100399FFF /* TouchThroughView.swift in Sources */,
				4803C0152B4FF846006B2F79 /* DwebDeepLink.swift in Sources */,
				48F54EDB2B17233E003A64AC /* DwebDeskVCStore.swift in Sources */,
				4850503E2B1466C700080723 /* DwebDeskRootView.swift in Sources */,
				4803C0182B4FF907006B2F79 /* KotlinComposeMetalRedrawerFix.swift in Sources */,
				4876C7182AFDD94E00CDF8BF /* DwebBrowserAppDelegate.swift in Sources */,
				F0A0E3692B4D27950024D8DE /* AppVersionMgr.swift in Sources */,
				1A0D794E6805F75B088C0939 /* DwebBrowserApp.swift in Sources */,
				48CC08312B634943007B0ADB /* DwebDeskAlertTips.swift in Sources */,
				4803C00C2B4FF541006B2F79 /* DependencyHeaders.swift in Sources */,
			);
			runOnlyForDeploymentPostprocessing = 0;
		};
/* End PBXSourcesBuildPhase section */

/* Begin PBXTargetDependency section */
		48001BA32B8ED4CB00F47669 /* PBXTargetDependency */ = {
			isa = PBXTargetDependency;
			target = 7555FF7A242A565900829871 /* DwebBrowser */;
			targetProxy = 48001BA22B8ED4CB00F47669 /* PBXContainerItemProxy */;
		};
		4824F5C82B8DC6CC00CD3D2D /* PBXTargetDependency */ = {
			isa = PBXTargetDependency;
			target = 7555FF7A242A565900829871 /* DwebBrowser */;
			targetProxy = 4824F5C72B8DC6CC00CD3D2D /* PBXContainerItemProxy */;
		};
/* End PBXTargetDependency section */

/* Begin PBXVariantGroup section */
		3D0947402D31325300CE8505 /* InfoPlist.strings */ = {
			isa = PBXVariantGroup;
			children = (
				3D0947412D31325300CE8505 /* zh-Hans */,
				3D0947462D31325A00CE8505 /* zh-Hant */,
				3D0947482D31326000CE8505 /* zh-HK */,
			);
			name = InfoPlist.strings;
			sourceTree = "<group>";
		};
		3D0947432D31325300CE8505 /* Localizable.strings */ = {
			isa = PBXVariantGroup;
			children = (
				3D0947442D31325300CE8505 /* zh-Hans */,
				3D0947472D31325A00CE8505 /* zh-Hant */,
				3D0947492D31326000CE8505 /* zh-HK */,
			);
			name = Localizable.strings;
			sourceTree = "<group>";
		};
/* End PBXVariantGroup section */

/* Begin XCBuildConfiguration section */
		48001BA42B8ED4CB00F47669 /* Debug */ = {
			isa = XCBuildConfiguration;
			buildSettings = {
				ASSETCATALOG_COMPILER_GENERATE_SWIFT_ASSET_SYMBOL_EXTENSIONS = YES;
				CLANG_CXX_LANGUAGE_STANDARD = "gnu++20";
				CODE_SIGN_STYLE = Automatic;
				CURRENT_PROJECT_VERSION = 1;
				DEBUG_INFORMATION_FORMAT = dwarf;
				DEVELOPMENT_TEAM = F9M4UWUYYN;
				ENABLE_USER_SCRIPT_SANDBOXING = YES;
				GCC_C_LANGUAGE_STANDARD = gnu17;
				GENERATE_INFOPLIST_FILE = YES;
				IPHONEOS_DEPLOYMENT_TARGET = 17.2;
				LOCALIZATION_PREFERS_STRING_CATALOGS = YES;
				MARKETING_VERSION = 1.0;
				PRODUCT_BUNDLE_IDENTIFIER = org.Identifier.iosApp2.toolsdemo.DwebBrowserUITests;
				PRODUCT_NAME = "$(TARGET_NAME)";
				SWIFT_ACTIVE_COMPILATION_CONDITIONS = "DEBUG $(inherited)";
				SWIFT_EMIT_LOC_STRINGS = NO;
				SWIFT_OBJC_INTEROP_MODE = objcxx;
				SWIFT_VERSION = 5.0;
				TARGETED_DEVICE_FAMILY = "1,2";
				TEST_TARGET_NAME = DwebBrowser;
			};
			name = Debug;
		};
		48001BA52B8ED4CB00F47669 /* Release */ = {
			isa = XCBuildConfiguration;
			buildSettings = {
				ASSETCATALOG_COMPILER_GENERATE_SWIFT_ASSET_SYMBOL_EXTENSIONS = YES;
				CLANG_CXX_LANGUAGE_STANDARD = "gnu++20";
				CODE_SIGN_STYLE = Automatic;
				CURRENT_PROJECT_VERSION = 1;
				DEVELOPMENT_TEAM = F9M4UWUYYN;
				ENABLE_USER_SCRIPT_SANDBOXING = YES;
				GCC_C_LANGUAGE_STANDARD = gnu17;
				GENERATE_INFOPLIST_FILE = YES;
				IPHONEOS_DEPLOYMENT_TARGET = 17.2;
				LOCALIZATION_PREFERS_STRING_CATALOGS = YES;
				MARKETING_VERSION = 1.0;
				PRODUCT_BUNDLE_IDENTIFIER = org.Identifier.iosApp2.toolsdemo.DwebBrowserUITests;
				PRODUCT_NAME = "$(TARGET_NAME)";
				SWIFT_EMIT_LOC_STRINGS = NO;
				SWIFT_OBJC_INTEROP_MODE = objcxx;
				SWIFT_VERSION = 5.0;
				TARGETED_DEVICE_FAMILY = "1,2";
				TEST_TARGET_NAME = DwebBrowser;
			};
			name = Release;
		};
		4824F5CA2B8DC6CC00CD3D2D /* Debug */ = {
			isa = XCBuildConfiguration;
			buildSettings = {
				ASSETCATALOG_COMPILER_GENERATE_SWIFT_ASSET_SYMBOL_EXTENSIONS = YES;
				BUNDLE_LOADER = "$(TEST_HOST)";
				CLANG_CXX_LANGUAGE_STANDARD = "gnu++20";
				CODE_SIGN_STYLE = Automatic;
				CURRENT_PROJECT_VERSION = 1;
				DEBUG_INFORMATION_FORMAT = dwarf;
				DEVELOPMENT_TEAM = F9M4UWUYYN;
				ENABLE_USER_SCRIPT_SANDBOXING = YES;
				GCC_C_LANGUAGE_STANDARD = gnu17;
				GENERATE_INFOPLIST_FILE = YES;
				IPHONEOS_DEPLOYMENT_TARGET = 17.2;
				LOCALIZATION_PREFERS_STRING_CATALOGS = YES;
				MARKETING_VERSION = 1.0;
				PRODUCT_BUNDLE_IDENTIFIER = org.Identifier.iosApp2.toolsdemo.DwebBrowserTests;
				PRODUCT_NAME = "$(TARGET_NAME)";
				SWIFT_ACTIVE_COMPILATION_CONDITIONS = "DEBUG $(inherited)";
				SWIFT_EMIT_LOC_STRINGS = NO;
				SWIFT_OBJC_INTEROP_MODE = objcxx;
				SWIFT_VERSION = 5.0;
				TARGETED_DEVICE_FAMILY = "1,2";
				TEST_HOST = "$(BUILT_PRODUCTS_DIR)/DwebBrowser.app/$(BUNDLE_EXECUTABLE_FOLDER_PATH)/DwebBrowser";
			};
			name = Debug;
		};
		4824F5CB2B8DC6CC00CD3D2D /* Release */ = {
			isa = XCBuildConfiguration;
			buildSettings = {
				ASSETCATALOG_COMPILER_GENERATE_SWIFT_ASSET_SYMBOL_EXTENSIONS = YES;
				BUNDLE_LOADER = "$(TEST_HOST)";
				CLANG_CXX_LANGUAGE_STANDARD = "gnu++20";
				CODE_SIGN_STYLE = Automatic;
				CURRENT_PROJECT_VERSION = 1;
				DEVELOPMENT_TEAM = F9M4UWUYYN;
				ENABLE_USER_SCRIPT_SANDBOXING = YES;
				GCC_C_LANGUAGE_STANDARD = gnu17;
				GENERATE_INFOPLIST_FILE = YES;
				IPHONEOS_DEPLOYMENT_TARGET = 17.2;
				LOCALIZATION_PREFERS_STRING_CATALOGS = YES;
				MARKETING_VERSION = 1.0;
				PRODUCT_BUNDLE_IDENTIFIER = org.Identifier.iosApp2.toolsdemo.DwebBrowserTests;
				PRODUCT_NAME = "$(TARGET_NAME)";
				SWIFT_EMIT_LOC_STRINGS = NO;
				SWIFT_OBJC_INTEROP_MODE = objcxx;
				SWIFT_VERSION = 5.0;
				TARGETED_DEVICE_FAMILY = "1,2";
				TEST_HOST = "$(BUILT_PRODUCTS_DIR)/DwebBrowser.app/$(BUNDLE_EXECUTABLE_FOLDER_PATH)/DwebBrowser";
			};
			name = Release;
		};
		7555FFA3242A565B00829871 /* Debug */ = {
			isa = XCBuildConfiguration;
			buildSettings = {
				ALWAYS_SEARCH_USER_PATHS = NO;
				CLANG_ANALYZER_NONNULL = YES;
				CLANG_ANALYZER_NUMBER_OBJECT_CONVERSION = YES_AGGRESSIVE;
				CLANG_CXX_LANGUAGE_STANDARD = "gnu++14";
				CLANG_CXX_LIBRARY = "libc++";
				CLANG_ENABLE_MODULES = YES;
				CLANG_ENABLE_OBJC_ARC = YES;
				CLANG_ENABLE_OBJC_WEAK = YES;
				CLANG_WARN_BLOCK_CAPTURE_AUTORELEASING = YES;
				CLANG_WARN_BOOL_CONVERSION = YES;
				CLANG_WARN_COMMA = YES;
				CLANG_WARN_CONSTANT_CONVERSION = YES;
				CLANG_WARN_DEPRECATED_OBJC_IMPLEMENTATIONS = YES;
				CLANG_WARN_DIRECT_OBJC_ISA_USAGE = YES_ERROR;
				CLANG_WARN_DOCUMENTATION_COMMENTS = YES;
				CLANG_WARN_EMPTY_BODY = YES;
				CLANG_WARN_ENUM_CONVERSION = YES;
				CLANG_WARN_INFINITE_RECURSION = YES;
				CLANG_WARN_INT_CONVERSION = YES;
				CLANG_WARN_NON_LITERAL_NULL_CONVERSION = YES;
				CLANG_WARN_OBJC_IMPLICIT_RETAIN_SELF = YES;
				CLANG_WARN_OBJC_LITERAL_CONVERSION = YES;
				CLANG_WARN_OBJC_ROOT_CLASS = YES_ERROR;
				CLANG_WARN_QUOTED_INCLUDE_IN_FRAMEWORK_HEADER = YES;
				CLANG_WARN_RANGE_LOOP_ANALYSIS = YES;
				CLANG_WARN_STRICT_PROTOTYPES = YES;
				CLANG_WARN_SUSPICIOUS_MOVE = YES;
				CLANG_WARN_UNGUARDED_AVAILABILITY = YES_AGGRESSIVE;
				CLANG_WARN_UNREACHABLE_CODE = YES;
				CLANG_WARN__DUPLICATE_METHOD_MATCH = YES;
				COPY_PHASE_STRIP = NO;
				DEBUG_INFORMATION_FORMAT = "dwarf-with-dsym";
				ENABLE_STRICT_OBJC_MSGSEND = YES;
				ENABLE_TESTABILITY = YES;
				GCC_C_LANGUAGE_STANDARD = gnu11;
				GCC_DYNAMIC_NO_PIC = NO;
				GCC_NO_COMMON_BLOCKS = YES;
				GCC_OPTIMIZATION_LEVEL = 0;
				GCC_PREPROCESSOR_DEFINITIONS = (
					"DEBUG=1",
					"$(inherited)",
				);
				GCC_WARN_64_TO_32_BIT_CONVERSION = YES;
				GCC_WARN_ABOUT_RETURN_TYPE = YES_ERROR;
				GCC_WARN_UNDECLARED_SELECTOR = YES;
				GCC_WARN_UNINITIALIZED_AUTOS = YES_AGGRESSIVE;
				GCC_WARN_UNUSED_FUNCTION = YES;
				GCC_WARN_UNUSED_VARIABLE = YES;
				IPHONEOS_DEPLOYMENT_TARGET = 17.0;
				MTL_ENABLE_DEBUG_INFO = INCLUDE_SOURCE;
				MTL_FAST_MATH = YES;
				ONLY_ACTIVE_ARCH = YES;
				SDKROOT = iphoneos;
				SWIFT_ACTIVE_COMPILATION_CONDITIONS = DEBUG;
				SWIFT_OPTIMIZATION_LEVEL = "-Onone";
			};
			name = Debug;
		};
		7555FFA4242A565B00829871 /* Release */ = {
			isa = XCBuildConfiguration;
			buildSettings = {
				ALWAYS_SEARCH_USER_PATHS = NO;
				CLANG_ANALYZER_NONNULL = YES;
				CLANG_ANALYZER_NUMBER_OBJECT_CONVERSION = YES_AGGRESSIVE;
				CLANG_CXX_LANGUAGE_STANDARD = "gnu++14";
				CLANG_CXX_LIBRARY = "libc++";
				CLANG_ENABLE_MODULES = YES;
				CLANG_ENABLE_OBJC_ARC = YES;
				CLANG_ENABLE_OBJC_WEAK = YES;
				CLANG_WARN_BLOCK_CAPTURE_AUTORELEASING = YES;
				CLANG_WARN_BOOL_CONVERSION = YES;
				CLANG_WARN_COMMA = YES;
				CLANG_WARN_CONSTANT_CONVERSION = YES;
				CLANG_WARN_DEPRECATED_OBJC_IMPLEMENTATIONS = YES;
				CLANG_WARN_DIRECT_OBJC_ISA_USAGE = YES_ERROR;
				CLANG_WARN_DOCUMENTATION_COMMENTS = YES;
				CLANG_WARN_EMPTY_BODY = YES;
				CLANG_WARN_ENUM_CONVERSION = YES;
				CLANG_WARN_INFINITE_RECURSION = YES;
				CLANG_WARN_INT_CONVERSION = YES;
				CLANG_WARN_NON_LITERAL_NULL_CONVERSION = YES;
				CLANG_WARN_OBJC_IMPLICIT_RETAIN_SELF = YES;
				CLANG_WARN_OBJC_LITERAL_CONVERSION = YES;
				CLANG_WARN_OBJC_ROOT_CLASS = YES_ERROR;
				CLANG_WARN_QUOTED_INCLUDE_IN_FRAMEWORK_HEADER = YES;
				CLANG_WARN_RANGE_LOOP_ANALYSIS = YES;
				CLANG_WARN_STRICT_PROTOTYPES = YES;
				CLANG_WARN_SUSPICIOUS_MOVE = YES;
				CLANG_WARN_UNGUARDED_AVAILABILITY = YES_AGGRESSIVE;
				CLANG_WARN_UNREACHABLE_CODE = YES;
				CLANG_WARN__DUPLICATE_METHOD_MATCH = YES;
				COPY_PHASE_STRIP = NO;
				DEBUG_INFORMATION_FORMAT = "dwarf-with-dsym";
				ENABLE_NS_ASSERTIONS = NO;
				ENABLE_STRICT_OBJC_MSGSEND = YES;
				GCC_C_LANGUAGE_STANDARD = gnu11;
				GCC_NO_COMMON_BLOCKS = YES;
				GCC_WARN_64_TO_32_BIT_CONVERSION = YES;
				GCC_WARN_ABOUT_RETURN_TYPE = YES_ERROR;
				GCC_WARN_UNDECLARED_SELECTOR = YES;
				GCC_WARN_UNINITIALIZED_AUTOS = YES_AGGRESSIVE;
				GCC_WARN_UNUSED_FUNCTION = YES;
				GCC_WARN_UNUSED_VARIABLE = YES;
				IPHONEOS_DEPLOYMENT_TARGET = 17.0;
				MTL_ENABLE_DEBUG_INFO = NO;
				MTL_FAST_MATH = YES;
				SDKROOT = iphoneos;
				SWIFT_COMPILATION_MODE = wholemodule;
				SWIFT_OPTIMIZATION_LEVEL = "-O";
				VALIDATE_PRODUCT = YES;
			};
			name = Release;
		};
		7555FFA6242A565B00829871 /* Debug */ = {
			isa = XCBuildConfiguration;
			buildSettings = {
				ASSETCATALOG_COMPILER_APPICON_NAME = AppIcon;
				CODE_SIGN_ENTITLEMENTS = DwebBrowser/DwebBrowser.entitlements;
				CODE_SIGN_IDENTITY = "Apple Development";
				CODE_SIGN_STYLE = Automatic;
				CURRENT_PROJECT_VERSION = 1;
				DEVELOPMENT_ASSET_PATHS = "\"DwebBrowser/Preview Content\"";
				DEVELOPMENT_TEAM = F9M4UWUYYN;
				ENABLE_PREVIEWS = YES;
				FRAMEWORK_SEARCH_PATHS = (
					"$(inherited)",
					"$(SRCROOT)/../../../shared/build/xcode-frameworks/$(CONFIGURATION)/$(SDK_NAME)",
				);
				INFOPLIST_FILE = DwebBrowser/Info.plist;
				INFOPLIST_KEY_CFBundleDisplayName = "Dev Dweb Browser";
				INFOPLIST_KEY_UISupportedInterfaceOrientations = "";
				IPHONEOS_DEPLOYMENT_TARGET = 17.0;
				LD_GENERATE_MAP_FILE = YES;
				LD_RUNPATH_SEARCH_PATHS = (
					"$(inherited)",
					"@executable_path/Frameworks",
				);
				MARKETING_VERSION = 3.250213.0;
				ORDER_FILE = $SRCROOT/DwebBrowser/Config/LinkSort.order;
				OTHER_CFLAGS = "";
				OTHER_LDFLAGS = (
					"$(inherited)",
					"-framework",
					DwebShared,
				);
				OTHER_SWIFT_FLAGS = "-D Off_TestOriginWebView";
				PRODUCT_BUNDLE_IDENTIFIER = com.instinct.bfexplorer.debug;
				PRODUCT_NAME = "$(TARGET_NAME)";
				PROVISIONING_PROFILE_SPECIFIER = "";
				SUPPORTED_PLATFORMS = "iphoneos iphonesimulator";
				SUPPORTS_MACCATALYST = NO;
				SUPPORTS_MAC_DESIGNED_FOR_IPHONE_IPAD = NO;
				SUPPORTS_XR_DESIGNED_FOR_IPHONE_IPAD = NO;
				SWIFT_OBJC_BRIDGING_HEADER = "";
				SWIFT_OBJC_INTEROP_MODE = objcxx;
				SWIFT_VERSION = 5.0;
				TARGETED_DEVICE_FAMILY = 1;
			};
			name = Debug;
		};
		7555FFA7242A565B00829871 /* Release */ = {
			isa = XCBuildConfiguration;
			buildSettings = {
				ASSETCATALOG_COMPILER_APPICON_NAME = AppIcon;
				CODE_SIGN_ENTITLEMENTS = DwebBrowser/DwebBrowser.entitlements;
				CODE_SIGN_IDENTITY = "Apple Development";
				CODE_SIGN_STYLE = Automatic;
				CURRENT_PROJECT_VERSION = 1;
				DEVELOPMENT_ASSET_PATHS = "\"DwebBrowser/Preview Content\"";
				DEVELOPMENT_TEAM = F9M4UWUYYN;
				ENABLE_PREVIEWS = YES;
				FRAMEWORK_SEARCH_PATHS = (
					"$(inherited)",
					"$(SRCROOT)/../../../shared/build/xcode-frameworks/$(CONFIGURATION)/$(SDK_NAME)",
				);
				INFOPLIST_FILE = DwebBrowser/Info.plist;
				INFOPLIST_KEY_CFBundleDisplayName = "Dweb Browser";
				INFOPLIST_KEY_UISupportedInterfaceOrientations = "";
				IPHONEOS_DEPLOYMENT_TARGET = 17.0;
				LD_RUNPATH_SEARCH_PATHS = (
					"$(inherited)",
					"@executable_path/Frameworks",
				);
				MARKETING_VERSION = 3.250213.0;
				ORDER_FILE = $SRCROOT/DwebBrowser/Config/LinkSort.order;
				OTHER_CFLAGS = "";
				OTHER_LDFLAGS = (
					"$(inherited)",
					"-framework",
					DwebShared,
				);
				OTHER_SWIFT_FLAGS = "-D Off_TestOriginWebView";
				PRODUCT_BUNDLE_IDENTIFIER = com.instinct.bfexplorer;
				PRODUCT_NAME = "$(TARGET_NAME)";
				PROVISIONING_PROFILE_SPECIFIER = "";
				SUPPORTED_PLATFORMS = "iphoneos iphonesimulator";
				SUPPORTS_MACCATALYST = NO;
				SUPPORTS_MAC_DESIGNED_FOR_IPHONE_IPAD = NO;
				SUPPORTS_XR_DESIGNED_FOR_IPHONE_IPAD = NO;
				SWIFT_OBJC_BRIDGING_HEADER = "";
				SWIFT_OBJC_INTEROP_MODE = objcxx;
				SWIFT_VERSION = 5.0;
				TARGETED_DEVICE_FAMILY = 1;
			};
			name = Release;
		};
/* End XCBuildConfiguration section */

/* Begin XCConfigurationList section */
		48001BA62B8ED4CB00F47669 /* Build configuration list for PBXNativeTarget "DwebBrowserUITests" */ = {
			isa = XCConfigurationList;
			buildConfigurations = (
				48001BA42B8ED4CB00F47669 /* Debug */,
				48001BA52B8ED4CB00F47669 /* Release */,
			);
			defaultConfigurationIsVisible = 0;
			defaultConfigurationName = Release;
		};
		4824F5C92B8DC6CC00CD3D2D /* Build configuration list for PBXNativeTarget "DwebBrowserTests" */ = {
			isa = XCConfigurationList;
			buildConfigurations = (
				4824F5CA2B8DC6CC00CD3D2D /* Debug */,
				4824F5CB2B8DC6CC00CD3D2D /* Release */,
			);
			defaultConfigurationIsVisible = 0;
			defaultConfigurationName = Release;
		};
		7555FF76242A565900829871 /* Build configuration list for PBXProject "DwebBrowser" */ = {
			isa = XCConfigurationList;
			buildConfigurations = (
				7555FFA3242A565B00829871 /* Debug */,
				7555FFA4242A565B00829871 /* Release */,
			);
			defaultConfigurationIsVisible = 0;
			defaultConfigurationName = Release;
		};
		7555FFA5242A565B00829871 /* Build configuration list for PBXNativeTarget "DwebBrowser" */ = {
			isa = XCConfigurationList;
			buildConfigurations = (
				7555FFA6242A565B00829871 /* Debug */,
				7555FFA7242A565B00829871 /* Release */,
			);
			defaultConfigurationIsVisible = 0;
			defaultConfigurationName = Release;
		};
/* End XCConfigurationList section */
	};
	rootObject = 7555FF73242A565900829871 /* Project object */;
}
