// !$*UTF8*$!
{
	archiveVersion = 1;
	classes = {
	};
	objectVersion = 56;
	objects = {

/* Begin PBXBuildFile section */
		F028997729F7C38500B8754A /* DwebBrowserApp.swift in Sources */ = {isa = PBXBuildFile; fileRef = F028997629F7C38500B8754A /* DwebBrowserApp.swift */; };
		F028997929F7C38500B8754A /* ObservableObjectView.swift in Sources */ = {isa = PBXBuildFile; fileRef = F028997829F7C38500B8754A /* ObservableObjectView.swift */; };
		F028997B29F7C38700B8754A /* Assets.xcassets in Resources */ = {isa = PBXBuildFile; fileRef = F028997A29F7C38700B8754A /* Assets.xcassets */; };
		F028997E29F7C38700B8754A /* Preview Assets.xcassets in Resources */ = {isa = PBXBuildFile; fileRef = F028997D29F7C38700B8754A /* Preview Assets.xcassets */; };
		F028998829F7C3DC00B8754A /* BrowserView.swift in Sources */ = {isa = PBXBuildFile; fileRef = F028998529F7C3DA00B8754A /* BrowserView.swift */; };
		F028998929F7C3DC00B8754A /* ToolbarView.swift in Sources */ = {isa = PBXBuildFile; fileRef = F028998629F7C3DB00B8754A /* ToolbarView.swift */; };
		F028998A29F7C3DC00B8754A /* AddressBarHStack.swift in Sources */ = {isa = PBXBuildFile; fileRef = F028998729F7C3DC00B8754A /* AddressBarHStack.swift */; };
		F028998C29F7C3E400B8754A /* TabPageView.swift in Sources */ = {isa = PBXBuildFile; fileRef = F028998B29F7C3E400B8754A /* TabPageView.swift */; };
		F028998F29F7C42300B8754A /* const.swift in Sources */ = {isa = PBXBuildFile; fileRef = F028998E29F7C42300B8754A /* const.swift */; };
		F028999129F7C4AA00B8754A /* View+snapshot.swift in Sources */ = {isa = PBXBuildFile; fileRef = F028999029F7C4AA00B8754A /* View+snapshot.swift */; };
		F028999629F7C87000B8754A /* HistoryItem.swift in Sources */ = {isa = PBXBuildFile; fileRef = F028999329F7C86F00B8754A /* HistoryItem.swift */; };
		F028999729F7C87000B8754A /* HistoryView.swift in Sources */ = {isa = PBXBuildFile; fileRef = F028999429F7C87000B8754A /* HistoryView.swift */; };
		F028999829F7C87000B8754A /* HistoryStore.swift in Sources */ = {isa = PBXBuildFile; fileRef = F028999529F7C87000B8754A /* HistoryStore.swift */; };
		F028999B29F7CC0000B8754A /* WebPreViewGrid.swift in Sources */ = {isa = PBXBuildFile; fileRef = F028999A29F7CC0000B8754A /* WebPreViewGrid.swift */; };
		F02899A329F91DF300B8754A /* View+placeholder.swift in Sources */ = {isa = PBXBuildFile; fileRef = F02899A229F91DF200B8754A /* View+placeholder.swift */; };
		F02899A629F942A500B8754A /* Todo in Resources */ = {isa = PBXBuildFile; fileRef = F02899A429F942A400B8754A /* Todo */; };
		F02899A729F942A500B8754A /* NoteMightNeeded.md in Resources */ = {isa = PBXBuildFile; fileRef = F02899A529F942A500B8754A /* NoteMightNeeded.md */; };
		F02899AA29FA499D00B8754A /* HomeView.swift in Sources */ = {isa = PBXBuildFile; fileRef = F02899A929FA499D00B8754A /* HomeView.swift */; };
		F02899AC29FA882C00B8754A /* TabsContainerView.swift in Sources */ = {isa = PBXBuildFile; fileRef = F02899AB29FA882C00B8754A /* TabsContainerView.swift */; };
		F02899AF29FBA28E00B8754A /* AutoFillView.swift in Sources */ = {isa = PBXBuildFile; fileRef = F02899AE29FBA28E00B8754A /* AutoFillView.swift */; };
		F08E10402A04917600899DF8 /* WebCache.swift in Sources */ = {isa = PBXBuildFile; fileRef = F08E103F2A04917600899DF8 /* WebCache.swift */; };
		F08E10452A04FBEE00899DF8 /* DWButton.swift in Sources */ = {isa = PBXBuildFile; fileRef = F08E10442A04FBEE00899DF8 /* DWButton.swift */; };
		F08E10482A06569400899DF8 /* Kingfisher in Frameworks */ = {isa = PBXBuildFile; productRef = F08E10472A06569400899DF8 /* Kingfisher */; };
		F08E104B2A065C1F00899DF8 /* FaviconFinder in Frameworks */ = {isa = PBXBuildFile; productRef = F08E104A2A065C1F00899DF8 /* FaviconFinder */; };
		F08E10532A08DC9C00899DF8 /* BrowerVM.swift in Sources */ = {isa = PBXBuildFile; fileRef = F08E10522A08DC9C00899DF8 /* BrowerVM.swift */; };
		F08E10572A0A4F7C00899DF8 /* TestView.swift in Sources */ = {isa = PBXBuildFile; fileRef = F08E10562A0A4F7C00899DF8 /* TestView.swift */; };
		F08E10592A0B3AD700899DF8 /* View+ancesterTree.swift in Sources */ = {isa = PBXBuildFile; fileRef = F08E10582A0B3AD700899DF8 /* View+ancesterTree.swift */; };
		F0B2AB172A03AC40000AD502 /* WebView.swift in Sources */ = {isa = PBXBuildFile; fileRef = F0B2AB162A03AC40000AD502 /* WebView.swift */; };
		F0B68CFF2A12333900215036 /* snapshot.png in Resources */ = {isa = PBXBuildFile; fileRef = F0B68CFE2A12333900215036 /* snapshot.png */; };
		F0B68D012A12333D00215036 /* defWebIcon.png in Resources */ = {isa = PBXBuildFile; fileRef = F0B68D002A12333D00215036 /* defWebIcon.png */; };
		F0B68D032A123B4F00215036 /* Url+Validator.swift in Sources */ = {isa = PBXBuildFile; fileRef = F0B68D022A123B4F00215036 /* Url+Validator.swift */; };
		F0B68D072A162DF000215036 /* PagingScroll.swift in Sources */ = {isa = PBXBuildFile; fileRef = F0B68D062A162DF000215036 /* PagingScroll.swift */; };
		F0B68D092A1C906E00215036 /* AutoScrollView.swift in Sources */ = {isa = PBXBuildFile; fileRef = F0B68D082A1C906E00215036 /* AutoScrollView.swift */; };
		F0B68D0C2A1CC6C700215036 /* CheckCellInGrid.swift in Sources */ = {isa = PBXBuildFile; fileRef = F0B68D0B2A1CC6C600215036 /* CheckCellInGrid.swift */; };
		F0BC1C0B2A0F86D50077BE0A /* View+AnimationObserver.swift in Sources */ = {isa = PBXBuildFile; fileRef = F0BC1C0A2A0F86D50077BE0A /* View+AnimationObserver.swift */; };
		F0BC1C0D2A1219CA0077BE0A /* UIImage+Cache.swift in Sources */ = {isa = PBXBuildFile; fileRef = F0BC1C0C2A1219CA0077BE0A /* UIImage+Cache.swift */; };
/* End PBXBuildFile section */

/* Begin PBXFileReference section */
		F028997329F7C38500B8754A /* DwebBrowser.app */ = {isa = PBXFileReference; explicitFileType = wrapper.application; includeInIndex = 0; path = DwebBrowser.app; sourceTree = BUILT_PRODUCTS_DIR; };
		F028997629F7C38500B8754A /* DwebBrowserApp.swift */ = {isa = PBXFileReference; lastKnownFileType = sourcecode.swift; path = DwebBrowserApp.swift; sourceTree = "<group>"; };
		F028997829F7C38500B8754A /* ObservableObjectView.swift */ = {isa = PBXFileReference; lastKnownFileType = sourcecode.swift; path = ObservableObjectView.swift; sourceTree = "<group>"; };
		F028997A29F7C38700B8754A /* Assets.xcassets */ = {isa = PBXFileReference; lastKnownFileType = folder.assetcatalog; path = Assets.xcassets; sourceTree = "<group>"; };
		F028997D29F7C38700B8754A /* Preview Assets.xcassets */ = {isa = PBXFileReference; lastKnownFileType = folder.assetcatalog; path = "Preview Assets.xcassets"; sourceTree = "<group>"; };
		F028998529F7C3DA00B8754A /* BrowserView.swift */ = {isa = PBXFileReference; fileEncoding = 4; lastKnownFileType = sourcecode.swift; path = BrowserView.swift; sourceTree = "<group>"; };
		F028998629F7C3DB00B8754A /* ToolbarView.swift */ = {isa = PBXFileReference; fileEncoding = 4; lastKnownFileType = sourcecode.swift; path = ToolbarView.swift; sourceTree = "<group>"; };
		F028998729F7C3DC00B8754A /* AddressBarHStack.swift */ = {isa = PBXFileReference; fileEncoding = 4; lastKnownFileType = sourcecode.swift; path = AddressBarHStack.swift; sourceTree = "<group>"; };
		F028998B29F7C3E400B8754A /* TabPageView.swift */ = {isa = PBXFileReference; fileEncoding = 4; lastKnownFileType = sourcecode.swift; path = TabPageView.swift; sourceTree = "<group>"; };
		F028998E29F7C42300B8754A /* const.swift */ = {isa = PBXFileReference; lastKnownFileType = sourcecode.swift; path = const.swift; sourceTree = "<group>"; };
		F028999029F7C4AA00B8754A /* View+snapshot.swift */ = {isa = PBXFileReference; fileEncoding = 4; lastKnownFileType = sourcecode.swift; path = "View+snapshot.swift"; sourceTree = "<group>"; };
		F028999329F7C86F00B8754A /* HistoryItem.swift */ = {isa = PBXFileReference; fileEncoding = 4; lastKnownFileType = sourcecode.swift; path = HistoryItem.swift; sourceTree = "<group>"; };
		F028999429F7C87000B8754A /* HistoryView.swift */ = {isa = PBXFileReference; fileEncoding = 4; lastKnownFileType = sourcecode.swift; path = HistoryView.swift; sourceTree = "<group>"; };
		F028999529F7C87000B8754A /* HistoryStore.swift */ = {isa = PBXFileReference; fileEncoding = 4; lastKnownFileType = sourcecode.swift; path = HistoryStore.swift; sourceTree = "<group>"; };
		F028999A29F7CC0000B8754A /* WebPreViewGrid.swift */ = {isa = PBXFileReference; lastKnownFileType = sourcecode.swift; path = WebPreViewGrid.swift; sourceTree = "<group>"; };
		F02899A229F91DF200B8754A /* View+placeholder.swift */ = {isa = PBXFileReference; lastKnownFileType = sourcecode.swift; path = "View+placeholder.swift"; sourceTree = "<group>"; };
		F02899A429F942A400B8754A /* Todo */ = {isa = PBXFileReference; fileEncoding = 4; lastKnownFileType = text; path = Todo; sourceTree = "<group>"; };
		F02899A529F942A500B8754A /* NoteMightNeeded.md */ = {isa = PBXFileReference; fileEncoding = 4; lastKnownFileType = net.daringfireball.markdown; path = NoteMightNeeded.md; sourceTree = "<group>"; };
		F02899A929FA499D00B8754A /* HomeView.swift */ = {isa = PBXFileReference; lastKnownFileType = sourcecode.swift; path = HomeView.swift; sourceTree = "<group>"; };
		F02899AB29FA882C00B8754A /* TabsContainerView.swift */ = {isa = PBXFileReference; lastKnownFileType = sourcecode.swift; path = TabsContainerView.swift; sourceTree = "<group>"; };
		F02899AE29FBA28E00B8754A /* AutoFillView.swift */ = {isa = PBXFileReference; lastKnownFileType = sourcecode.swift; path = AutoFillView.swift; sourceTree = "<group>"; };
		F08E103F2A04917600899DF8 /* WebCache.swift */ = {isa = PBXFileReference; lastKnownFileType = sourcecode.swift; path = WebCache.swift; sourceTree = "<group>"; };
		F08E10442A04FBEE00899DF8 /* DWButton.swift */ = {isa = PBXFileReference; lastKnownFileType = sourcecode.swift; path = DWButton.swift; sourceTree = "<group>"; };
		F08E10522A08DC9C00899DF8 /* BrowerVM.swift */ = {isa = PBXFileReference; lastKnownFileType = sourcecode.swift; path = BrowerVM.swift; sourceTree = "<group>"; };
		F08E10562A0A4F7C00899DF8 /* TestView.swift */ = {isa = PBXFileReference; lastKnownFileType = sourcecode.swift; path = TestView.swift; sourceTree = "<group>"; };
		F08E10582A0B3AD700899DF8 /* View+ancesterTree.swift */ = {isa = PBXFileReference; lastKnownFileType = sourcecode.swift; path = "View+ancesterTree.swift"; sourceTree = "<group>"; };
		F0B2AB162A03AC40000AD502 /* WebView.swift */ = {isa = PBXFileReference; fileEncoding = 4; lastKnownFileType = sourcecode.swift; path = WebView.swift; sourceTree = "<group>"; };
		F0B68CFE2A12333900215036 /* snapshot.png */ = {isa = PBXFileReference; lastKnownFileType = image.png; path = snapshot.png; sourceTree = "<group>"; };
		F0B68D002A12333D00215036 /* defWebIcon.png */ = {isa = PBXFileReference; lastKnownFileType = image.png; path = defWebIcon.png; sourceTree = "<group>"; };
		F0B68D022A123B4F00215036 /* Url+Validator.swift */ = {isa = PBXFileReference; lastKnownFileType = sourcecode.swift; path = "Url+Validator.swift"; sourceTree = "<group>"; };
		F0B68D062A162DF000215036 /* PagingScroll.swift */ = {isa = PBXFileReference; lastKnownFileType = sourcecode.swift; path = PagingScroll.swift; sourceTree = "<group>"; };
		F0B68D082A1C906E00215036 /* AutoScrollView.swift */ = {isa = PBXFileReference; lastKnownFileType = sourcecode.swift; path = AutoScrollView.swift; sourceTree = "<group>"; };
		F0B68D0B2A1CC6C600215036 /* CheckCellInGrid.swift */ = {isa = PBXFileReference; lastKnownFileType = sourcecode.swift; path = CheckCellInGrid.swift; sourceTree = "<group>"; };
		F0BC1C0A2A0F86D50077BE0A /* View+AnimationObserver.swift */ = {isa = PBXFileReference; lastKnownFileType = sourcecode.swift; path = "View+AnimationObserver.swift"; sourceTree = "<group>"; };
		F0BC1C0C2A1219CA0077BE0A /* UIImage+Cache.swift */ = {isa = PBXFileReference; lastKnownFileType = sourcecode.swift; path = "UIImage+Cache.swift"; sourceTree = "<group>"; };
/* End PBXFileReference section */

/* Begin PBXFrameworksBuildPhase section */
		F028997029F7C38500B8754A /* Frameworks */ = {
			isa = PBXFrameworksBuildPhase;
			buildActionMask = 2147483647;
			files = (
				F08E104B2A065C1F00899DF8 /* FaviconFinder in Frameworks */,
				F08E10482A06569400899DF8 /* Kingfisher in Frameworks */,
			);
			runOnlyForDeploymentPostprocessing = 0;
		};
/* End PBXFrameworksBuildPhase section */

/* Begin PBXGroup section */
		F028996A29F7C38500B8754A = {
			isa = PBXGroup;
			children = (
				F02899A829F942AB00B8754A /* tips */,
				F028997529F7C38500B8754A /* DwebBrowser */,
				F028997429F7C38500B8754A /* Products */,
			);
			sourceTree = "<group>";
		};
		F028997429F7C38500B8754A /* Products */ = {
			isa = PBXGroup;
			children = (
				F028997329F7C38500B8754A /* DwebBrowser.app */,
			);
			name = Products;
			sourceTree = "<group>";
		};
		F028997529F7C38500B8754A /* DwebBrowser */ = {
			isa = PBXGroup;
			children = (
				F028997629F7C38500B8754A /* DwebBrowserApp.swift */,
				F028998529F7C3DA00B8754A /* BrowserView.swift */,
				F02899AD29FBA27700B8754A /* Example */,
				F028999C29F7CC5000B8754A /* Resource */,
				F0BC1C092A0F66C50077BE0A /* Util */,
				F028998D29F7C40B00B8754A /* Helper */,
				F08E10502A08D85A00899DF8 /* ViewModel */,
				F08E104F2A08D85500899DF8 /* Model */,
				F028998429F7C3B100B8754A /* View */,
				F028997A29F7C38700B8754A /* Assets.xcassets */,
				F028997C29F7C38700B8754A /* Preview Content */,
			);
			path = DwebBrowser;
			sourceTree = "<group>";
		};
		F028997C29F7C38700B8754A /* Preview Content */ = {
			isa = PBXGroup;
			children = (
				F028997D29F7C38700B8754A /* Preview Assets.xcassets */,
			);
			path = "Preview Content";
			sourceTree = "<group>";
		};
		F028998429F7C3B100B8754A /* View */ = {
			isa = PBXGroup;
			children = (
				F05A7F1F2A0CDF0D00FE4B32 /* Tabs */,
				F028998729F7C3DC00B8754A /* AddressBarHStack.swift */,
				F028998629F7C3DB00B8754A /* ToolbarView.swift */,
				F028999229F7C85A00B8754A /* HistoryView */,
			);
			path = View;
			sourceTree = "<group>";
		};
		F028998D29F7C40B00B8754A /* Helper */ = {
			isa = PBXGroup;
			children = (
				F028999029F7C4AA00B8754A /* View+snapshot.swift */,
				F02899A229F91DF200B8754A /* View+placeholder.swift */,
				F08E10442A04FBEE00899DF8 /* DWButton.swift */,
				F08E10582A0B3AD700899DF8 /* View+ancesterTree.swift */,
				F0BC1C0A2A0F86D50077BE0A /* View+AnimationObserver.swift */,
				F0BC1C0C2A1219CA0077BE0A /* UIImage+Cache.swift */,
				F0B68D022A123B4F00215036 /* Url+Validator.swift */,
				F0B68D062A162DF000215036 /* PagingScroll.swift */,
			);
			path = Helper;
			sourceTree = "<group>";
		};
		F028999229F7C85A00B8754A /* HistoryView */ = {
			isa = PBXGroup;
			children = (
				F028999329F7C86F00B8754A /* HistoryItem.swift */,
				F028999529F7C87000B8754A /* HistoryStore.swift */,
				F028999429F7C87000B8754A /* HistoryView.swift */,
			);
			path = HistoryView;
			sourceTree = "<group>";
		};
		F028999C29F7CC5000B8754A /* Resource */ = {
			isa = PBXGroup;
			children = (
				F0B68D002A12333D00215036 /* defWebIcon.png */,
				F0B68CFE2A12333900215036 /* snapshot.png */,
			);
			path = Resource;
			sourceTree = "<group>";
		};
		F02899A829F942AB00B8754A /* tips */ = {
			isa = PBXGroup;
			children = (
				F02899A529F942A500B8754A /* NoteMightNeeded.md */,
				F02899A429F942A400B8754A /* Todo */,
			);
			path = tips;
			sourceTree = "<group>";
		};
		F02899AD29FBA27700B8754A /* Example */ = {
			isa = PBXGroup;
			children = (
				F0B68D0A2A1CC6B400215036 /* New Group */,
				F08E10562A0A4F7C00899DF8 /* TestView.swift */,
				F028997829F7C38500B8754A /* ObservableObjectView.swift */,
				F02899AE29FBA28E00B8754A /* AutoFillView.swift */,
				F0B68D082A1C906E00215036 /* AutoScrollView.swift */,
				F0B68D0B2A1CC6C600215036 /* CheckCellInGrid.swift */,
			);
			path = Example;
			sourceTree = "<group>";
		};
		F05A7F1F2A0CDF0D00FE4B32 /* Tabs */ = {
			isa = PBXGroup;
			children = (
				F02899AB29FA882C00B8754A /* TabsContainerView.swift */,
				F028999A29F7CC0000B8754A /* WebPreViewGrid.swift */,
				F028998B29F7C3E400B8754A /* TabPageView.swift */,
				F0B2AB162A03AC40000AD502 /* WebView.swift */,
				F02899A929FA499D00B8754A /* HomeView.swift */,
			);
			path = Tabs;
			sourceTree = "<group>";
		};
		F08E104F2A08D85500899DF8 /* Model */ = {
			isa = PBXGroup;
			children = (
			);
			path = Model;
			sourceTree = "<group>";
		};
		F08E10502A08D85A00899DF8 /* ViewModel */ = {
			isa = PBXGroup;
			children = (
				F08E103F2A04917600899DF8 /* WebCache.swift */,
				F08E10522A08DC9C00899DF8 /* BrowerVM.swift */,
			);
			path = ViewModel;
			sourceTree = "<group>";
		};
		F0B68D0A2A1CC6B400215036 /* New Group */ = {
			isa = PBXGroup;
			children = (
			);
			path = "New Group";
			sourceTree = "<group>";
		};
		F0BC1C092A0F66C50077BE0A /* Util */ = {
			isa = PBXGroup;
			children = (
				F028998E29F7C42300B8754A /* const.swift */,
			);
			path = Util;
			sourceTree = "<group>";
		};
/* End PBXGroup section */

/* Begin PBXNativeTarget section */
		F028997229F7C38500B8754A /* DwebBrowser */ = {
			isa = PBXNativeTarget;
			buildConfigurationList = F028998129F7C38700B8754A /* Build configuration list for PBXNativeTarget "DwebBrowser" */;
			buildPhases = (
				F028996F29F7C38500B8754A /* Sources */,
				F028997029F7C38500B8754A /* Frameworks */,
				F028997129F7C38500B8754A /* Resources */,
			);
			buildRules = (
			);
			dependencies = (
			);
			name = DwebBrowser;
			packageProductDependencies = (
				F08E10472A06569400899DF8 /* Kingfisher */,
				F08E104A2A065C1F00899DF8 /* FaviconFinder */,
			);
			productName = DwebBrowser;
			productReference = F028997329F7C38500B8754A /* DwebBrowser.app */;
			productType = "com.apple.product-type.application";
		};
/* End PBXNativeTarget section */

/* Begin PBXProject section */
		F028996B29F7C38500B8754A /* Project object */ = {
			isa = PBXProject;
			attributes = {
				BuildIndependentTargetsInParallel = 1;
				LastSwiftUpdateCheck = 1420;
				LastUpgradeCheck = 1420;
				TargetAttributes = {
					F028997229F7C38500B8754A = {
						CreatedOnToolsVersion = 14.2;
					};
				};
			};
			buildConfigurationList = F028996E29F7C38500B8754A /* Build configuration list for PBXProject "DwebBrowser" */;
			compatibilityVersion = "Xcode 14.0";
			developmentRegion = en;
			hasScannedForEncodings = 0;
			knownRegions = (
				en,
				Base,
			);
			mainGroup = F028996A29F7C38500B8754A;
			packageReferences = (
				F08E10462A06569400899DF8 /* XCRemoteSwiftPackageReference "Kingfisher" */,
				F08E10492A065C1F00899DF8 /* XCRemoteSwiftPackageReference "FaviconFinder" */,
			);
			productRefGroup = F028997429F7C38500B8754A /* Products */;
			projectDirPath = "";
			projectRoot = "";
			targets = (
				F028997229F7C38500B8754A /* DwebBrowser */,
			);
		};
/* End PBXProject section */

/* Begin PBXResourcesBuildPhase section */
		F028997129F7C38500B8754A /* Resources */ = {
			isa = PBXResourcesBuildPhase;
			buildActionMask = 2147483647;
			files = (
				F028997E29F7C38700B8754A /* Preview Assets.xcassets in Resources */,
				F0B68CFF2A12333900215036 /* snapshot.png in Resources */,
				F0B68D012A12333D00215036 /* defWebIcon.png in Resources */,
				F028997B29F7C38700B8754A /* Assets.xcassets in Resources */,
				F02899A629F942A500B8754A /* Todo in Resources */,
				F02899A729F942A500B8754A /* NoteMightNeeded.md in Resources */,
			);
			runOnlyForDeploymentPostprocessing = 0;
		};
/* End PBXResourcesBuildPhase section */

/* Begin PBXSourcesBuildPhase section */
		F028996F29F7C38500B8754A /* Sources */ = {
			isa = PBXSourcesBuildPhase;
			buildActionMask = 2147483647;
			files = (
				F08E10532A08DC9C00899DF8 /* BrowerVM.swift in Sources */,
				F028999129F7C4AA00B8754A /* View+snapshot.swift in Sources */,
				F08E10572A0A4F7C00899DF8 /* TestView.swift in Sources */,
				F0BC1C0D2A1219CA0077BE0A /* UIImage+Cache.swift in Sources */,
				F0B2AB172A03AC40000AD502 /* WebView.swift in Sources */,
				F02899AA29FA499D00B8754A /* HomeView.swift in Sources */,
				F028998A29F7C3DC00B8754A /* AddressBarHStack.swift in Sources */,
				F0B68D032A123B4F00215036 /* Url+Validator.swift in Sources */,
				F02899A329F91DF300B8754A /* View+placeholder.swift in Sources */,
				F028999629F7C87000B8754A /* HistoryItem.swift in Sources */,
				F028999829F7C87000B8754A /* HistoryStore.swift in Sources */,
				F028999B29F7CC0000B8754A /* WebPreViewGrid.swift in Sources */,
				F08E10452A04FBEE00899DF8 /* DWButton.swift in Sources */,
				F028997929F7C38500B8754A /* ObservableObjectView.swift in Sources */,
				F02899AF29FBA28E00B8754A /* AutoFillView.swift in Sources */,
				F08E10592A0B3AD700899DF8 /* View+ancesterTree.swift in Sources */,
				F02899AC29FA882C00B8754A /* TabsContainerView.swift in Sources */,
				F028998829F7C3DC00B8754A /* BrowserView.swift in Sources */,
				F028998929F7C3DC00B8754A /* ToolbarView.swift in Sources */,
				F0B68D0C2A1CC6C700215036 /* CheckCellInGrid.swift in Sources */,
				F0BC1C0B2A0F86D50077BE0A /* View+AnimationObserver.swift in Sources */,
				F028998F29F7C42300B8754A /* const.swift in Sources */,
				F0B68D072A162DF000215036 /* PagingScroll.swift in Sources */,
				F028999729F7C87000B8754A /* HistoryView.swift in Sources */,
				F08E10402A04917600899DF8 /* WebCache.swift in Sources */,
				F0B68D092A1C906E00215036 /* AutoScrollView.swift in Sources */,
				F028997729F7C38500B8754A /* DwebBrowserApp.swift in Sources */,
				F028998C29F7C3E400B8754A /* TabPageView.swift in Sources */,
			);
			runOnlyForDeploymentPostprocessing = 0;
		};
/* End PBXSourcesBuildPhase section */

/* Begin XCBuildConfiguration section */
		F028997F29F7C38700B8754A /* Debug */ = {
			isa = XCBuildConfiguration;
			buildSettings = {
				ALWAYS_SEARCH_USER_PATHS = NO;
				CLANG_ANALYZER_NONNULL = YES;
				CLANG_ANALYZER_NUMBER_OBJECT_CONVERSION = YES_AGGRESSIVE;
				CLANG_CXX_LANGUAGE_STANDARD = "gnu++20";
				CLANG_ENABLE_MODULES = YES;
				CLANG_ENABLE_OBJC_ARC = YES;
				CLANG_ENABLE_OBJC_WEAK = YES;
				CLANG_WARN_BLOCK_CAPTURE_AUTORELEASING = YES;
				CLANG_WARN_BOOL_CONVERSION = YES;
				CLANG_WARN_COMMA = YES;
				CLANG_WARN_CONSTANT_CONVERSION = YES;
				CLANG_WARN_DEPRECATED_OBJC_IMPLEMENTATIONS = YES;
				CLANG_WARN_DIRECT_OBJC_ISA_USAGE = YES_ERROR;
				CLANG_WARN_DOCUMENTATION_COMMENTS = YES;
				CLANG_WARN_EMPTY_BODY = YES;
				CLANG_WARN_ENUM_CONVERSION = YES;
				CLANG_WARN_INFINITE_RECURSION = YES;
				CLANG_WARN_INT_CONVERSION = YES;
				CLANG_WARN_NON_LITERAL_NULL_CONVERSION = YES;
				CLANG_WARN_OBJC_IMPLICIT_RETAIN_SELF = YES;
				CLANG_WARN_OBJC_LITERAL_CONVERSION = YES;
				CLANG_WARN_OBJC_ROOT_CLASS = YES_ERROR;
				CLANG_WARN_QUOTED_INCLUDE_IN_FRAMEWORK_HEADER = YES;
				CLANG_WARN_RANGE_LOOP_ANALYSIS = YES;
				CLANG_WARN_STRICT_PROTOTYPES = YES;
				CLANG_WARN_SUSPICIOUS_MOVE = YES;
				CLANG_WARN_UNGUARDED_AVAILABILITY = YES_AGGRESSIVE;
				CLANG_WARN_UNREACHABLE_CODE = YES;
				CLANG_WARN__DUPLICATE_METHOD_MATCH = YES;
				COPY_PHASE_STRIP = NO;
				DEBUG_INFORMATION_FORMAT = dwarf;
				ENABLE_STRICT_OBJC_MSGSEND = YES;
				ENABLE_TESTABILITY = YES;
				GCC_C_LANGUAGE_STANDARD = gnu11;
				GCC_DYNAMIC_NO_PIC = NO;
				GCC_NO_COMMON_BLOCKS = YES;
				GCC_OPTIMIZATION_LEVEL = 0;
				GCC_PREPROCESSOR_DEFINITIONS = (
					"DEBUG=1",
					"$(inherited)",
				);
				GCC_WARN_64_TO_32_BIT_CONVERSION = YES;
				GCC_WARN_ABOUT_RETURN_TYPE = YES_ERROR;
				GCC_WARN_UNDECLARED_SELECTOR = YES;
				GCC_WARN_UNINITIALIZED_AUTOS = YES_AGGRESSIVE;
				GCC_WARN_UNUSED_FUNCTION = YES;
				GCC_WARN_UNUSED_VARIABLE = YES;
				IPHONEOS_DEPLOYMENT_TARGET = 16.0;
				MTL_ENABLE_DEBUG_INFO = INCLUDE_SOURCE;
				MTL_FAST_MATH = YES;
				ONLY_ACTIVE_ARCH = YES;
				SDKROOT = iphoneos;
				SWIFT_ACTIVE_COMPILATION_CONDITIONS = DEBUG;
				SWIFT_OPTIMIZATION_LEVEL = "-Onone";
			};
			name = Debug;
		};
		F028998029F7C38700B8754A /* Release */ = {
			isa = XCBuildConfiguration;
			buildSettings = {
				ALWAYS_SEARCH_USER_PATHS = NO;
				CLANG_ANALYZER_NONNULL = YES;
				CLANG_ANALYZER_NUMBER_OBJECT_CONVERSION = YES_AGGRESSIVE;
				CLANG_CXX_LANGUAGE_STANDARD = "gnu++20";
				CLANG_ENABLE_MODULES = YES;
				CLANG_ENABLE_OBJC_ARC = YES;
				CLANG_ENABLE_OBJC_WEAK = YES;
				CLANG_WARN_BLOCK_CAPTURE_AUTORELEASING = YES;
				CLANG_WARN_BOOL_CONVERSION = YES;
				CLANG_WARN_COMMA = YES;
				CLANG_WARN_CONSTANT_CONVERSION = YES;
				CLANG_WARN_DEPRECATED_OBJC_IMPLEMENTATIONS = YES;
				CLANG_WARN_DIRECT_OBJC_ISA_USAGE = YES_ERROR;
				CLANG_WARN_DOCUMENTATION_COMMENTS = YES;
				CLANG_WARN_EMPTY_BODY = YES;
				CLANG_WARN_ENUM_CONVERSION = YES;
				CLANG_WARN_INFINITE_RECURSION = YES;
				CLANG_WARN_INT_CONVERSION = YES;
				CLANG_WARN_NON_LITERAL_NULL_CONVERSION = YES;
				CLANG_WARN_OBJC_IMPLICIT_RETAIN_SELF = YES;
				CLANG_WARN_OBJC_LITERAL_CONVERSION = YES;
				CLANG_WARN_OBJC_ROOT_CLASS = YES_ERROR;
				CLANG_WARN_QUOTED_INCLUDE_IN_FRAMEWORK_HEADER = YES;
				CLANG_WARN_RANGE_LOOP_ANALYSIS = YES;
				CLANG_WARN_STRICT_PROTOTYPES = YES;
				CLANG_WARN_SUSPICIOUS_MOVE = YES;
				CLANG_WARN_UNGUARDED_AVAILABILITY = YES_AGGRESSIVE;
				CLANG_WARN_UNREACHABLE_CODE = YES;
				CLANG_WARN__DUPLICATE_METHOD_MATCH = YES;
				COPY_PHASE_STRIP = NO;
				DEBUG_INFORMATION_FORMAT = "dwarf-with-dsym";
				ENABLE_NS_ASSERTIONS = NO;
				ENABLE_STRICT_OBJC_MSGSEND = YES;
				GCC_C_LANGUAGE_STANDARD = gnu11;
				GCC_NO_COMMON_BLOCKS = YES;
				GCC_WARN_64_TO_32_BIT_CONVERSION = YES;
				GCC_WARN_ABOUT_RETURN_TYPE = YES_ERROR;
				GCC_WARN_UNDECLARED_SELECTOR = YES;
				GCC_WARN_UNINITIALIZED_AUTOS = YES_AGGRESSIVE;
				GCC_WARN_UNUSED_FUNCTION = YES;
				GCC_WARN_UNUSED_VARIABLE = YES;
				IPHONEOS_DEPLOYMENT_TARGET = 16.0;
				MTL_ENABLE_DEBUG_INFO = NO;
				MTL_FAST_MATH = YES;
				SDKROOT = iphoneos;
				SWIFT_COMPILATION_MODE = wholemodule;
				SWIFT_OPTIMIZATION_LEVEL = "-O";
				VALIDATE_PRODUCT = YES;
			};
			name = Release;
		};
		F028998229F7C38700B8754A /* Debug */ = {
			isa = XCBuildConfiguration;
			buildSettings = {
				ASSETCATALOG_COMPILER_APPICON_NAME = AppIcon;
				ASSETCATALOG_COMPILER_GLOBAL_ACCENT_COLOR_NAME = AccentColor;
				CODE_SIGN_STYLE = Automatic;
				CURRENT_PROJECT_VERSION = 1;
				DEVELOPMENT_ASSET_PATHS = "\"DwebBrowser/Preview Content\"";
				DEVELOPMENT_TEAM = F9M4UWUYYN;
				ENABLE_PREVIEWS = YES;
				GENERATE_INFOPLIST_FILE = YES;
				INFOPLIST_KEY_UIApplicationSceneManifest_Generation = YES;
				INFOPLIST_KEY_UIApplicationSupportsIndirectInputEvents = YES;
				INFOPLIST_KEY_UILaunchScreen_Generation = YES;
				INFOPLIST_KEY_UISupportedInterfaceOrientations_iPad = "UIInterfaceOrientationPortrait UIInterfaceOrientationPortraitUpsideDown UIInterfaceOrientationLandscapeLeft UIInterfaceOrientationLandscapeRight";
				INFOPLIST_KEY_UISupportedInterfaceOrientations_iPhone = "UIInterfaceOrientationPortrait UIInterfaceOrientationLandscapeLeft UIInterfaceOrientationLandscapeRight";
				IPHONEOS_DEPLOYMENT_TARGET = 16.0;
				LD_RUNPATH_SEARCH_PATHS = (
					"$(inherited)",
					"@executable_path/Frameworks",
				);
				MARKETING_VERSION = 1.0;
				PRODUCT_BUNDLE_IDENTIFIER = D.E.C.DwebBrowser;
				PRODUCT_NAME = "$(TARGET_NAME)";
				SWIFT_EMIT_LOC_STRINGS = YES;
				SWIFT_VERSION = 5.0;
				TARGETED_DEVICE_FAMILY = "1,2";
			};
			name = Debug;
		};
		F028998329F7C38700B8754A /* Release */ = {
			isa = XCBuildConfiguration;
			buildSettings = {
				ASSETCATALOG_COMPILER_APPICON_NAME = AppIcon;
				ASSETCATALOG_COMPILER_GLOBAL_ACCENT_COLOR_NAME = AccentColor;
				CODE_SIGN_STYLE = Automatic;
				CURRENT_PROJECT_VERSION = 1;
				DEVELOPMENT_ASSET_PATHS = "\"DwebBrowser/Preview Content\"";
				DEVELOPMENT_TEAM = F9M4UWUYYN;
				ENABLE_PREVIEWS = YES;
				GENERATE_INFOPLIST_FILE = YES;
				INFOPLIST_KEY_UIApplicationSceneManifest_Generation = YES;
				INFOPLIST_KEY_UIApplicationSupportsIndirectInputEvents = YES;
				INFOPLIST_KEY_UILaunchScreen_Generation = YES;
				INFOPLIST_KEY_UISupportedInterfaceOrientations_iPad = "UIInterfaceOrientationPortrait UIInterfaceOrientationPortraitUpsideDown UIInterfaceOrientationLandscapeLeft UIInterfaceOrientationLandscapeRight";
				INFOPLIST_KEY_UISupportedInterfaceOrientations_iPhone = "UIInterfaceOrientationPortrait UIInterfaceOrientationLandscapeLeft UIInterfaceOrientationLandscapeRight";
				IPHONEOS_DEPLOYMENT_TARGET = 16.0;
				LD_RUNPATH_SEARCH_PATHS = (
					"$(inherited)",
					"@executable_path/Frameworks",
				);
				MARKETING_VERSION = 1.0;
				PRODUCT_BUNDLE_IDENTIFIER = D.E.C.DwebBrowser;
				PRODUCT_NAME = "$(TARGET_NAME)";
				SWIFT_EMIT_LOC_STRINGS = YES;
				SWIFT_VERSION = 5.0;
				TARGETED_DEVICE_FAMILY = "1,2";
			};
			name = Release;
		};
/* End XCBuildConfiguration section */

/* Begin XCConfigurationList section */
		F028996E29F7C38500B8754A /* Build configuration list for PBXProject "DwebBrowser" */ = {
			isa = XCConfigurationList;
			buildConfigurations = (
				F028997F29F7C38700B8754A /* Debug */,
				F028998029F7C38700B8754A /* Release */,
			);
			defaultConfigurationIsVisible = 0;
			defaultConfigurationName = Release;
		};
		F028998129F7C38700B8754A /* Build configuration list for PBXNativeTarget "DwebBrowser" */ = {
			isa = XCConfigurationList;
			buildConfigurations = (
				F028998229F7C38700B8754A /* Debug */,
				F028998329F7C38700B8754A /* Release */,
			);
			defaultConfigurationIsVisible = 0;
			defaultConfigurationName = Release;
		};
/* End XCConfigurationList section */

/* Begin XCRemoteSwiftPackageReference section */
		F08E10462A06569400899DF8 /* XCRemoteSwiftPackageReference "Kingfisher" */ = {
			isa = XCRemoteSwiftPackageReference;
			repositoryURL = "https://github.com/onevcat/Kingfisher";
			requirement = {
				kind = upToNextMajorVersion;
				minimumVersion = 7.0.0;
			};
		};
		F08E10492A065C1F00899DF8 /* XCRemoteSwiftPackageReference "FaviconFinder" */ = {
			isa = XCRemoteSwiftPackageReference;
			repositoryURL = "https://github.com/will-lumley/FaviconFinder";
			requirement = {
				kind = upToNextMajorVersion;
				minimumVersion = 4.0.0;
			};
		};
/* End XCRemoteSwiftPackageReference section */

/* Begin XCSwiftPackageProductDependency section */
		F08E10472A06569400899DF8 /* Kingfisher */ = {
			isa = XCSwiftPackageProductDependency;
			package = F08E10462A06569400899DF8 /* XCRemoteSwiftPackageReference "Kingfisher" */;
			productName = Kingfisher;
		};
		F08E104A2A065C1F00899DF8 /* FaviconFinder */ = {
			isa = XCSwiftPackageProductDependency;
			package = F08E10492A065C1F00899DF8 /* XCRemoteSwiftPackageReference "FaviconFinder" */;
			productName = FaviconFinder;
		};
/* End XCSwiftPackageProductDependency section */
	};
	rootObject = F028996B29F7C38500B8754A /* Project object */;
}
