
Microsoft Visual Studio Solution File, Format Version 12.00
# Visual Studio Version 16
VisualStudioVersion = 25.0.1706.0
MinimumVisualStudioVersion = 10.0.40219.1
Project("{FAE04EC0-301F-11D3-BF4B-00C04F79EFBC}") = "SwiftUIBindingMAUI", "SwiftUIBindingMAUI.csproj", "{7BF61383-2BD5-4B7C-9ED7-4ABA4E37AD0C}"
EndProject
Global
	GlobalSection(SolutionConfigurationPlatforms) = preSolution
		Debug|Any CPU = Debug|Any CPU
		Release|Any CPU = Release|Any CPU
	EndGlobalSection
	GlobalSection(ProjectConfigurationPlatforms) = postSolution
		{7BF61383-2BD5-4B7C-9ED7-4ABA4E37AD0C}.Debug|Any CPU.ActiveCfg = Debug|Any CPU
		{7BF61383-2BD5-4B7C-9ED7-4ABA4E37AD0C}.Debug|Any CPU.Build.0 = Debug|Any CPU
		{7BF61383-2BD5-4B7C-9ED7-4ABA4E37AD0C}.Release|Any CPU.ActiveCfg = Release|Any CPU
		{7BF61383-2BD5-4B7C-9ED7-4ABA4E37AD0C}.Release|Any CPU.Build.0 = Release|Any CPU
	EndGlobalSection
	GlobalSection(SolutionProperties) = preSolution
		HideSolutionNode = FALSE
	EndGlobalSection
	GlobalSection(ExtensibilityGlobals) = postSolution
		SolutionGuid = {FD33CB2C-EAD6-4839-ADC1-5640AEBF1119}
	EndGlobalSection
EndGlobal
