// !$*UTF8*$!
{
	archiveVersion = 1;
	classes = {
	};
	objectVersion = 60;
	objects = {

/* Begin PBXBuildFile section */
		48A8CC152B3C021C00A9CECC /* DwebBrowserApp.swift in Sources */ = {isa = PBXBuildFile; fileRef = 48A8CC142B3C021C00A9CECC /* DwebBrowserApp.swift */; };
		48A8CC172B3C021C00A9CECC /* ContentView.swift in Sources */ = {isa = PBXBuildFile; fileRef = 48A8CC162B3C021C00A9CECC /* ContentView.swift */; };
		48A8CC192B3C021D00A9CECC /* Assets.xcassets in Resources */ = {isa = PBXBuildFile; fileRef = 48A8CC182B3C021D00A9CECC /* Assets.xcassets */; };
		48A8CC1C2B3C021D00A9CECC /* Preview Assets.xcassets in Resources */ = {isa = PBXBuildFile; fileRef = 48A8CC1B2B3C021D00A9CECC /* Preview Assets.xcassets */; };
		48A8CC262B3C021D00A9CECC /* DwebBrowserTests.swift in Sources */ = {isa = PBXBuildFile; fileRef = 48A8CC252B3C021D00A9CECC /* DwebBrowserTests.swift */; };
		48A8CC302B3C021D00A9CECC /* DwebBrowserUITests.swift in Sources */ = {isa = PBXBuildFile; fileRef = 48A8CC2F2B3C021D00A9CECC /* DwebBrowserUITests.swift */; };
		48A8CC322B3C021D00A9CECC /* DwebBrowserUITestsLaunchTests.swift in Sources */ = {isa = PBXBuildFile; fileRef = 48A8CC312B3C021D00A9CECC /* DwebBrowserUITestsLaunchTests.swift */; };
		48FB53D92B3C093A000AA400 /* DwebWebBrowser in Frameworks */ = {isa = PBXBuildFile; productRef = 48FB53D82B3C093A000AA400 /* DwebWebBrowser */; };
/* End PBXBuildFile section */

/* Begin PBXContainerItemProxy section */
		48A8CC222B3C021D00A9CECC /* PBXContainerItemProxy */ = {
			isa = PBXContainerItemProxy;
			containerPortal = 48A8CC092B3C021C00A9CECC /* Project object */;
			proxyType = 1;
			remoteGlobalIDString = 48A8CC102B3C021C00A9CECC;
			remoteInfo = DwebBrowser;
		};
		48A8CC2C2B3C021D00A9CECC /* PBXContainerItemProxy */ = {
			isa = PBXContainerItemProxy;
			containerPortal = 48A8CC092B3C021C00A9CECC /* Project object */;
			proxyType = 1;
			remoteGlobalIDString = 48A8CC102B3C021C00A9CECC;
			remoteInfo = DwebBrowser;
		};
/* End PBXContainerItemProxy section */

/* Begin PBXFileReference section */
		48A8CC112B3C021C00A9CECC /* DwebBrowser.app */ = {isa = PBXFileReference; explicitFileType = wrapper.application; includeInIndex = 0; path = DwebBrowser.app; sourceTree = BUILT_PRODUCTS_DIR; };
		48A8CC142B3C021C00A9CECC /* DwebBrowserApp.swift */ = {isa = PBXFileReference; lastKnownFileType = sourcecode.swift; path = DwebBrowserApp.swift; sourceTree = "<group>"; };
		48A8CC162B3C021C00A9CECC /* ContentView.swift */ = {isa = PBXFileReference; lastKnownFileType = sourcecode.swift; path = ContentView.swift; sourceTree = "<group>"; };
		48A8CC182B3C021D00A9CECC /* Assets.xcassets */ = {isa = PBXFileReference; lastKnownFileType = folder.assetcatalog; path = Assets.xcassets; sourceTree = "<group>"; };
		48A8CC1B2B3C021D00A9CECC /* Preview Assets.xcassets */ = {isa = PBXFileReference; lastKnownFileType = folder.assetcatalog; path = "Preview Assets.xcassets"; sourceTree = "<group>"; };
		48A8CC212B3C021D00A9CECC /* DwebBrowserTests.xctest */ = {isa = PBXFileReference; explicitFileType = wrapper.cfbundle; includeInIndex = 0; path = DwebBrowserTests.xctest; sourceTree = BUILT_PRODUCTS_DIR; };
		48A8CC252B3C021D00A9CECC /* DwebBrowserTests.swift */ = {isa = PBXFileReference; lastKnownFileType = sourcecode.swift; path = DwebBrowserTests.swift; sourceTree = "<group>"; };
		48A8CC2B2B3C021D00A9CECC /* DwebBrowserUITests.xctest */ = {isa = PBXFileReference; explicitFileType = wrapper.cfbundle; includeInIndex = 0; path = DwebBrowserUITests.xctest; sourceTree = BUILT_PRODUCTS_DIR; };
		48A8CC2F2B3C021D00A9CECC /* DwebBrowserUITests.swift */ = {isa = PBXFileReference; lastKnownFileType = sourcecode.swift; path = DwebBrowserUITests.swift; sourceTree = "<group>"; };
		48A8CC312B3C021D00A9CECC /* DwebBrowserUITestsLaunchTests.swift */ = {isa = PBXFileReference; lastKnownFileType = sourcecode.swift; path = DwebBrowserUITestsLaunchTests.swift; sourceTree = "<group>"; };
/* End PBXFileReference section */

/* Begin PBXFrameworksBuildPhase section */
		48A8CC0E2B3C021C00A9CECC /* Frameworks */ = {
			isa = PBXFrameworksBuildPhase;
			buildActionMask = 2147483647;
			files = (
				48FB53D92B3C093A000AA400 /* DwebWebBrowser in Frameworks */,
			);
			runOnlyForDeploymentPostprocessing = 0;
		};
		48A8CC1E2B3C021D00A9CECC /* Frameworks */ = {
			isa = PBXFrameworksBuildPhase;
			buildActionMask = 2147483647;
			files = (
			);
			runOnlyForDeploymentPostprocessing = 0;
		};
		48A8CC282B3C021D00A9CECC /* Frameworks */ = {
			isa = PBXFrameworksBuildPhase;
			buildActionMask = 2147483647;
			files = (
			);
			runOnlyForDeploymentPostprocessing = 0;
		};
/* End PBXFrameworksBuildPhase section */

/* Begin PBXGroup section */
		48A8CC082B3C021C00A9CECC = {
			isa = PBXGroup;
			children = (
				48A8CC132B3C021C00A9CECC /* DwebBrowser */,
				48A8CC242B3C021D00A9CECC /* DwebBrowserTests */,
				48A8CC2E2B3C021D00A9CECC /* DwebBrowserUITests */,
				48A8CC122B3C021C00A9CECC /* Products */,
			);
			sourceTree = "<group>";
		};
		48A8CC122B3C021C00A9CECC /* Products */ = {
			isa = PBXGroup;
			children = (
				48A8CC112B3C021C00A9CECC /* DwebBrowser.app */,
				48A8CC212B3C021D00A9CECC /* DwebBrowserTests.xctest */,
				48A8CC2B2B3C021D00A9CECC /* DwebBrowserUITests.xctest */,
			);
			name = Products;
			sourceTree = "<group>";
		};
		48A8CC132B3C021C00A9CECC /* DwebBrowser */ = {
			isa = PBXGroup;
			children = (
				48A8CC142B3C021C00A9CECC /* DwebBrowserApp.swift */,
				48A8CC162B3C021C00A9CECC /* ContentView.swift */,
				48A8CC182B3C021D00A9CECC /* Assets.xcassets */,
				48A8CC1A2B3C021D00A9CECC /* Preview Content */,
			);
			path = DwebBrowser;
			sourceTree = "<group>";
		};
		48A8CC1A2B3C021D00A9CECC /* Preview Content */ = {
			isa = PBXGroup;
			children = (
				48A8CC1B2B3C021D00A9CECC /* Preview Assets.xcassets */,
			);
			path = "Preview Content";
			sourceTree = "<group>";
		};
		48A8CC242B3C021D00A9CECC /* DwebBrowserTests */ = {
			isa = PBXGroup;
			children = (
				48A8CC252B3C021D00A9CECC /* DwebBrowserTests.swift */,
			);
			path = DwebBrowserTests;
			sourceTree = "<group>";
		};
		48A8CC2E2B3C021D00A9CECC /* DwebBrowserUITests */ = {
			isa = PBXGroup;
			children = (
				48A8CC2F2B3C021D00A9CECC /* DwebBrowserUITests.swift */,
				48A8CC312B3C021D00A9CECC /* DwebBrowserUITestsLaunchTests.swift */,
			);
			path = DwebBrowserUITests;
			sourceTree = "<group>";
		};
/* End PBXGroup section */

/* Begin PBXNativeTarget section */
		48A8CC102B3C021C00A9CECC /* DwebBrowser */ = {
			isa = PBXNativeTarget;
			buildConfigurationList = 48A8CC352B3C021D00A9CECC /* Build configuration list for PBXNativeTarget "DwebBrowser" */;
			buildPhases = (
				48A8CC0D2B3C021C00A9CECC /* Sources */,
				48A8CC0E2B3C021C00A9CECC /* Frameworks */,
				48A8CC0F2B3C021C00A9CECC /* Resources */,
			);
			buildRules = (
			);
			dependencies = (
			);
			name = DwebBrowser;
			packageProductDependencies = (
				48FB53D82B3C093A000AA400 /* DwebWebBrowser */,
			);
			productName = DwebBrowser;
			productReference = 48A8CC112B3C021C00A9CECC /* DwebBrowser.app */;
			productType = "com.apple.product-type.application";
		};
		48A8CC202B3C021D00A9CECC /* DwebBrowserTests */ = {
			isa = PBXNativeTarget;
			buildConfigurationList = 48A8CC382B3C021D00A9CECC /* Build configuration list for PBXNativeTarget "DwebBrowserTests" */;
			buildPhases = (
				48A8CC1D2B3C021D00A9CECC /* Sources */,
				48A8CC1E2B3C021D00A9CECC /* Frameworks */,
				48A8CC1F2B3C021D00A9CECC /* Resources */,
			);
			buildRules = (
			);
			dependencies = (
				48A8CC232B3C021D00A9CECC /* PBXTargetDependency */,
			);
			name = DwebBrowserTests;
			productName = DwebBrowserTests;
			productReference = 48A8CC212B3C021D00A9CECC /* DwebBrowserTests.xctest */;
			productType = "com.apple.product-type.bundle.unit-test";
		};
		48A8CC2A2B3C021D00A9CECC /* DwebBrowserUITests */ = {
			isa = PBXNativeTarget;
			buildConfigurationList = 48A8CC3B2B3C021D00A9CECC /* Build configuration list for PBXNativeTarget "DwebBrowserUITests" */;
			buildPhases = (
				48A8CC272B3C021D00A9CECC /* Sources */,
				48A8CC282B3C021D00A9CECC /* Frameworks */,
				48A8CC292B3C021D00A9CECC /* Resources */,
			);
			buildRules = (
			);
			dependencies = (
				48A8CC2D2B3C021D00A9CECC /* PBXTargetDependency */,
			);
			name = DwebBrowserUITests;
			productName = DwebBrowserUITests;
			productReference = 48A8CC2B2B3C021D00A9CECC /* DwebBrowserUITests.xctest */;
			productType = "com.apple.product-type.bundle.ui-testing";
		};
/* End PBXNativeTarget section */

/* Begin PBXProject section */
		48A8CC092B3C021C00A9CECC /* Project object */ = {
			isa = PBXProject;
			attributes = {
				BuildIndependentTargetsInParallel = 1;
				LastSwiftUpdateCheck = 1500;
				LastUpgradeCheck = 1500;
				TargetAttributes = {
					48A8CC102B3C021C00A9CECC = {
						CreatedOnToolsVersion = 15.0.1;
					};
					48A8CC202B3C021D00A9CECC = {
						CreatedOnToolsVersion = 15.0.1;
						TestTargetID = 48A8CC102B3C021C00A9CECC;
					};
					48A8CC2A2B3C021D00A9CECC = {
						CreatedOnToolsVersion = 15.0.1;
						TestTargetID = 48A8CC102B3C021C00A9CECC;
					};
				};
			};
			buildConfigurationList = 48A8CC0C2B3C021C00A9CECC /* Build configuration list for PBXProject "DwebBrowser" */;
			compatibilityVersion = "Xcode 14.0";
			developmentRegion = en;
			hasScannedForEncodings = 0;
			knownRegions = (
				en,
				Base,
			);
			mainGroup = 48A8CC082B3C021C00A9CECC;
			packageReferences = (
				48FB53D72B3C093A000AA400 /* XCLocalSwiftPackageReference "../Packages/DwebWebBrowser" */,
			);
			productRefGroup = 48A8CC122B3C021C00A9CECC /* Products */;
			projectDirPath = "";
			projectRoot = "";
			targets = (
				48A8CC102B3C021C00A9CECC /* DwebBrowser */,
				48A8CC202B3C021D00A9CECC /* DwebBrowserTests */,
				48A8CC2A2B3C021D00A9CECC /* DwebBrowserUITests */,
			);
		};
/* End PBXProject section */

/* Begin PBXResourcesBuildPhase section */
		48A8CC0F2B3C021C00A9CECC /* Resources */ = {
			isa = PBXResourcesBuildPhase;
			buildActionMask = 2147483647;
			files = (
				48A8CC1C2B3C021D00A9CECC /* Preview Assets.xcassets in Resources */,
				48A8CC192B3C021D00A9CECC /* Assets.xcassets in Resources */,
			);
			runOnlyForDeploymentPostprocessing = 0;
		};
		48A8CC1F2B3C021D00A9CECC /* Resources */ = {
			isa = PBXResourcesBuildPhase;
			buildActionMask = 2147483647;
			files = (
			);
			runOnlyForDeploymentPostprocessing = 0;
		};
		48A8CC292B3C021D00A9CECC /* Resources */ = {
			isa = PBXResourcesBuildPhase;
			buildActionMask = 2147483647;
			files = (
			);
			runOnlyForDeploymentPostprocessing = 0;
		};
/* End PBXResourcesBuildPhase section */

/* Begin PBXSourcesBuildPhase section */
		48A8CC0D2B3C021C00A9CECC /* Sources */ = {
			isa = PBXSourcesBuildPhase;
			buildActionMask = 2147483647;
			files = (
				48A8CC172B3C021C00A9CECC /* ContentView.swift in Sources */,
				48A8CC152B3C021C00A9CECC /* DwebBrowserApp.swift in Sources */,
			);
			runOnlyForDeploymentPostprocessing = 0;
		};
		48A8CC1D2B3C021D00A9CECC /* Sources */ = {
			isa = PBXSourcesBuildPhase;
			buildActionMask = 2147483647;
			files = (
				48A8CC262B3C021D00A9CECC /* DwebBrowserTests.swift in Sources */,
			);
			runOnlyForDeploymentPostprocessing = 0;
		};
		48A8CC272B3C021D00A9CECC /* Sources */ = {
			isa = PBXSourcesBuildPhase;
			buildActionMask = 2147483647;
			files = (
				48A8CC302B3C021D00A9CECC /* DwebBrowserUITests.swift in Sources */,
				48A8CC322B3C021D00A9CECC /* DwebBrowserUITestsLaunchTests.swift in Sources */,
			);
			runOnlyForDeploymentPostprocessing = 0;
		};
/* End PBXSourcesBuildPhase section */

/* Begin PBXTargetDependency section */
		48A8CC232B3C021D00A9CECC /* PBXTargetDependency */ = {
			isa = PBXTargetDependency;
			target = 48A8CC102B3C021C00A9CECC /* DwebBrowser */;
			targetProxy = 48A8CC222B3C021D00A9CECC /* PBXContainerItemProxy */;
		};
		48A8CC2D2B3C021D00A9CECC /* PBXTargetDependency */ = {
			isa = PBXTargetDependency;
			target = 48A8CC102B3C021C00A9CECC /* DwebBrowser */;
			targetProxy = 48A8CC2C2B3C021D00A9CECC /* PBXContainerItemProxy */;
		};
/* End PBXTargetDependency section */

/* Begin XCBuildConfiguration section */
		48A8CC332B3C021D00A9CECC /* Debug */ = {
			isa = XCBuildConfiguration;
			buildSettings = {
				ALWAYS_SEARCH_USER_PATHS = NO;
				ASSETCATALOG_COMPILER_GENERATE_SWIFT_ASSET_SYMBOL_EXTENSIONS = YES;
				CLANG_ANALYZER_NONNULL = YES;
				CLANG_ANALYZER_NUMBER_OBJECT_CONVERSION = YES_AGGRESSIVE;
				CLANG_CXX_LANGUAGE_STANDARD = "gnu++20";
				CLANG_ENABLE_MODULES = YES;
				CLANG_ENABLE_OBJC_ARC = YES;
				CLANG_ENABLE_OBJC_WEAK = YES;
				CLANG_WARN_BLOCK_CAPTURE_AUTORELEASING = YES;
				CLANG_WARN_BOOL_CONVERSION = YES;
				CLANG_WARN_COMMA = YES;
				CLANG_WARN_CONSTANT_CONVERSION = YES;
				CLANG_WARN_DEPRECATED_OBJC_IMPLEMENTATIONS = YES;
				CLANG_WARN_DIRECT_OBJC_ISA_USAGE = YES_ERROR;
				CLANG_WARN_DOCUMENTATION_COMMENTS = YES;
				CLANG_WARN_EMPTY_BODY = YES;
				CLANG_WARN_ENUM_CONVERSION = YES;
				CLANG_WARN_INFINITE_RECURSION = YES;
				CLANG_WARN_INT_CONVERSION = YES;
				CLANG_WARN_NON_LITERAL_NULL_CONVERSION = YES;
				CLANG_WARN_OBJC_IMPLICIT_RETAIN_SELF = YES;
				CLANG_WARN_OBJC_LITERAL_CONVERSION = YES;
				CLANG_WARN_OBJC_ROOT_CLASS = YES_ERROR;
				CLANG_WARN_QUOTED_INCLUDE_IN_FRAMEWORK_HEADER = YES;
				CLANG_WARN_RANGE_LOOP_ANALYSIS = YES;
				CLANG_WARN_STRICT_PROTOTYPES = YES;
				CLANG_WARN_SUSPICIOUS_MOVE = YES;
				CLANG_WARN_UNGUARDED_AVAILABILITY = YES_AGGRESSIVE;
				CLANG_WARN_UNREACHABLE_CODE = YES;
				CLANG_WARN__DUPLICATE_METHOD_MATCH = YES;
				COPY_PHASE_STRIP = NO;
				DEBUG_INFORMATION_FORMAT = dwarf;
				ENABLE_STRICT_OBJC_MSGSEND = YES;
				ENABLE_TESTABILITY = YES;
				ENABLE_USER_SCRIPT_SANDBOXING = YES;
				GCC_C_LANGUAGE_STANDARD = gnu17;
				GCC_DYNAMIC_NO_PIC = NO;
				GCC_NO_COMMON_BLOCKS = YES;
				GCC_OPTIMIZATION_LEVEL = 0;
				GCC_PREPROCESSOR_DEFINITIONS = (
					"DEBUG=1",
					"$(inherited)",
				);
				GCC_WARN_64_TO_32_BIT_CONVERSION = YES;
				GCC_WARN_ABOUT_RETURN_TYPE = YES_ERROR;
				GCC_WARN_UNDECLARED_SELECTOR = YES;
				GCC_WARN_UNINITIALIZED_AUTOS = YES_AGGRESSIVE;
				GCC_WARN_UNUSED_FUNCTION = YES;
				GCC_WARN_UNUSED_VARIABLE = YES;
				IPHONEOS_DEPLOYMENT_TARGET = 17.0;
				LOCALIZATION_PREFERS_STRING_CATALOGS = YES;
				MTL_ENABLE_DEBUG_INFO = INCLUDE_SOURCE;
				MTL_FAST_MATH = YES;
				ONLY_ACTIVE_ARCH = YES;
				SDKROOT = iphoneos;
				SWIFT_ACTIVE_COMPILATION_CONDITIONS = "DEBUG $(inherited)";
				SWIFT_OPTIMIZATION_LEVEL = "-Onone";
			};
			name = Debug;
		};
		48A8CC342B3C021D00A9CECC /* Release */ = {
			isa = XCBuildConfiguration;
			buildSettings = {
				ALWAYS_SEARCH_USER_PATHS = NO;
				ASSETCATALOG_COMPILER_GENERATE_SWIFT_ASSET_SYMBOL_EXTENSIONS = YES;
				CLANG_ANALYZER_NONNULL = YES;
				CLANG_ANALYZER_NUMBER_OBJECT_CONVERSION = YES_AGGRESSIVE;
				CLANG_CXX_LANGUAGE_STANDARD = "gnu++20";
				CLANG_ENABLE_MODULES = YES;
				CLANG_ENABLE_OBJC_ARC = YES;
				CLANG_ENABLE_OBJC_WEAK = YES;
				CLANG_WARN_BLOCK_CAPTURE_AUTORELEASING = YES;
				CLANG_WARN_BOOL_CONVERSION = YES;
				CLANG_WARN_COMMA = YES;
				CLANG_WARN_CONSTANT_CONVERSION = YES;
				CLANG_WARN_DEPRECATED_OBJC_IMPLEMENTATIONS = YES;
				CLANG_WARN_DIRECT_OBJC_ISA_USAGE = YES_ERROR;
				CLANG_WARN_DOCUMENTATION_COMMENTS = YES;
				CLANG_WARN_EMPTY_BODY = YES;
				CLANG_WARN_ENUM_CONVERSION = YES;
				CLANG_WARN_INFINITE_RECURSION = YES;
				CLANG_WARN_INT_CONVERSION = YES;
				CLANG_WARN_NON_LITERAL_NULL_CONVERSION = YES;
				CLANG_WARN_OBJC_IMPLICIT_RETAIN_SELF = YES;
				CLANG_WARN_OBJC_LITERAL_CONVERSION = YES;
				CLANG_WARN_OBJC_ROOT_CLASS = YES_ERROR;
				CLANG_WARN_QUOTED_INCLUDE_IN_FRAMEWORK_HEADER = YES;
				CLANG_WARN_RANGE_LOOP_ANALYSIS = YES;
				CLANG_WARN_STRICT_PROTOTYPES = YES;
				CLANG_WARN_SUSPICIOUS_MOVE = YES;
				CLANG_WARN_UNGUARDED_AVAILABILITY = YES_AGGRESSIVE;
				CLANG_WARN_UNREACHABLE_CODE = YES;
				CLANG_WARN__DUPLICATE_METHOD_MATCH = YES;
				COPY_PHASE_STRIP = NO;
				DEBUG_INFORMATION_FORMAT = "dwarf-with-dsym";
				ENABLE_NS_ASSERTIONS = NO;
				ENABLE_STRICT_OBJC_MSGSEND = YES;
				ENABLE_USER_SCRIPT_SANDBOXING = YES;
				GCC_C_LANGUAGE_STANDARD = gnu17;
				GCC_NO_COMMON_BLOCKS = YES;
				GCC_WARN_64_TO_32_BIT_CONVERSION = YES;
				GCC_WARN_ABOUT_RETURN_TYPE = YES_ERROR;
				GCC_WARN_UNDECLARED_SELECTOR = YES;
				GCC_WARN_UNINITIALIZED_AUTOS = YES_AGGRESSIVE;
				GCC_WARN_UNUSED_FUNCTION = YES;
				GCC_WARN_UNUSED_VARIABLE = YES;
				IPHONEOS_DEPLOYMENT_TARGET = 17.0;
				LOCALIZATION_PREFERS_STRING_CATALOGS = YES;
				MTL_ENABLE_DEBUG_INFO = NO;
				MTL_FAST_MATH = YES;
				SDKROOT = iphoneos;
				SWIFT_COMPILATION_MODE = wholemodule;
				VALIDATE_PRODUCT = YES;
			};
			name = Release;
		};
		48A8CC362B3C021D00A9CECC /* Debug */ = {
			isa = XCBuildConfiguration;
			buildSettings = {
				ASSETCATALOG_COMPILER_APPICON_NAME = AppIcon;
				ASSETCATALOG_COMPILER_GLOBAL_ACCENT_COLOR_NAME = AccentColor;
				CODE_SIGN_STYLE = Automatic;
				CURRENT_PROJECT_VERSION = 1;
				DEVELOPMENT_ASSET_PATHS = "\"DwebBrowser/Preview Content\"";
				DEVELOPMENT_TEAM = DZN8PPXTKK;
				ENABLE_PREVIEWS = YES;
				GENERATE_INFOPLIST_FILE = YES;
				INFOPLIST_KEY_UIApplicationSceneManifest_Generation = YES;
				INFOPLIST_KEY_UIApplicationSupportsIndirectInputEvents = YES;
				INFOPLIST_KEY_UILaunchScreen_Generation = YES;
				INFOPLIST_KEY_UISupportedInterfaceOrientations = UIInterfaceOrientationPortrait;
				LD_RUNPATH_SEARCH_PATHS = (
					"$(inherited)",
					"@executable_path/Frameworks",
				);
				MARKETING_VERSION = 1.0;
				PRODUCT_BUNDLE_IDENTIFIER = org.Identifier.iosApp2.kmpfw.DwebBrowser;
				PRODUCT_NAME = "$(TARGET_NAME)";
				SUPPORTED_PLATFORMS = "iphoneos iphonesimulator";
				SUPPORTS_MACCATALYST = NO;
				SUPPORTS_MAC_DESIGNED_FOR_IPHONE_IPAD = NO;
				SWIFT_EMIT_LOC_STRINGS = YES;
				SWIFT_VERSION = 5.0;
				TARGETED_DEVICE_FAMILY = "1,2";
			};
			name = Debug;
		};
		48A8CC372B3C021D00A9CECC /* Release */ = {
			isa = XCBuildConfiguration;
			buildSettings = {
				ASSETCATALOG_COMPILER_APPICON_NAME = AppIcon;
				ASSETCATALOG_COMPILER_GLOBAL_ACCENT_COLOR_NAME = AccentColor;
				CODE_SIGN_STYLE = Automatic;
				CURRENT_PROJECT_VERSION = 1;
				DEVELOPMENT_ASSET_PATHS = "\"DwebBrowser/Preview Content\"";
				DEVELOPMENT_TEAM = DZN8PPXTKK;
				ENABLE_PREVIEWS = YES;
				GENERATE_INFOPLIST_FILE = YES;
				INFOPLIST_KEY_UIApplicationSceneManifest_Generation = YES;
				INFOPLIST_KEY_UIApplicationSupportsIndirectInputEvents = YES;
				INFOPLIST_KEY_UILaunchScreen_Generation = YES;
				INFOPLIST_KEY_UISupportedInterfaceOrientations = UIInterfaceOrientationPortrait;
				LD_RUNPATH_SEARCH_PATHS = (
					"$(inherited)",
					"@executable_path/Frameworks",
				);
				MARKETING_VERSION = 1.0;
				PRODUCT_BUNDLE_IDENTIFIER = org.Identifier.iosApp2.kmpfw.DwebBrowser;
				PRODUCT_NAME = "$(TARGET_NAME)";
				SUPPORTED_PLATFORMS = "iphoneos iphonesimulator";
				SUPPORTS_MACCATALYST = NO;
				SUPPORTS_MAC_DESIGNED_FOR_IPHONE_IPAD = NO;
				SWIFT_EMIT_LOC_STRINGS = YES;
				SWIFT_VERSION = 5.0;
				TARGETED_DEVICE_FAMILY = "1,2";
			};
			name = Release;
		};
		48A8CC392B3C021D00A9CECC /* Debug */ = {
			isa = XCBuildConfiguration;
			buildSettings = {
				ALWAYS_EMBED_SWIFT_STANDARD_LIBRARIES = YES;
				BUNDLE_LOADER = "$(TEST_HOST)";
				CODE_SIGN_STYLE = Automatic;
				CURRENT_PROJECT_VERSION = 1;
				DEVELOPMENT_TEAM = DZN8PPXTKK;
				GENERATE_INFOPLIST_FILE = YES;
				IPHONEOS_DEPLOYMENT_TARGET = 17.0;
				MARKETING_VERSION = 1.0;
				PRODUCT_BUNDLE_IDENTIFIER = org.Identifier.iosApp2.kmpfw.DwebBrowserTests;
				PRODUCT_NAME = "$(TARGET_NAME)";
				SWIFT_EMIT_LOC_STRINGS = NO;
				SWIFT_VERSION = 5.0;
				TARGETED_DEVICE_FAMILY = "1,2";
				TEST_HOST = "$(BUILT_PRODUCTS_DIR)/DwebBrowser.app/$(BUNDLE_EXECUTABLE_FOLDER_PATH)/DwebBrowser";
			};
			name = Debug;
		};
		48A8CC3A2B3C021D00A9CECC /* Release */ = {
			isa = XCBuildConfiguration;
			buildSettings = {
				ALWAYS_EMBED_SWIFT_STANDARD_LIBRARIES = YES;
				BUNDLE_LOADER = "$(TEST_HOST)";
				CODE_SIGN_STYLE = Automatic;
				CURRENT_PROJECT_VERSION = 1;
				DEVELOPMENT_TEAM = DZN8PPXTKK;
				GENERATE_INFOPLIST_FILE = YES;
				IPHONEOS_DEPLOYMENT_TARGET = 17.0;
				MARKETING_VERSION = 1.0;
				PRODUCT_BUNDLE_IDENTIFIER = org.Identifier.iosApp2.kmpfw.DwebBrowserTests;
				PRODUCT_NAME = "$(TARGET_NAME)";
				SWIFT_EMIT_LOC_STRINGS = NO;
				SWIFT_VERSION = 5.0;
				TARGETED_DEVICE_FAMILY = "1,2";
				TEST_HOST = "$(BUILT_PRODUCTS_DIR)/DwebBrowser.app/$(BUNDLE_EXECUTABLE_FOLDER_PATH)/DwebBrowser";
			};
			name = Release;
		};
		48A8CC3C2B3C021D00A9CECC /* Debug */ = {
			isa = XCBuildConfiguration;
			buildSettings = {
				ALWAYS_EMBED_SWIFT_STANDARD_LIBRARIES = YES;
				CODE_SIGN_STYLE = Automatic;
				CURRENT_PROJECT_VERSION = 1;
				DEVELOPMENT_TEAM = DZN8PPXTKK;
				GENERATE_INFOPLIST_FILE = YES;
				MARKETING_VERSION = 1.0;
				PRODUCT_BUNDLE_IDENTIFIER = org.Identifier.iosApp2.kmpfw.DwebBrowserUITests;
				PRODUCT_NAME = "$(TARGET_NAME)";
				SWIFT_EMIT_LOC_STRINGS = NO;
				SWIFT_VERSION = 5.0;
				TARGETED_DEVICE_FAMILY = "1,2";
				TEST_TARGET_NAME = DwebBrowser;
			};
			name = Debug;
		};
		48A8CC3D2B3C021D00A9CECC /* Release */ = {
			isa = XCBuildConfiguration;
			buildSettings = {
				ALWAYS_EMBED_SWIFT_STANDARD_LIBRARIES = YES;
				CODE_SIGN_STYLE = Automatic;
				CURRENT_PROJECT_VERSION = 1;
				DEVELOPMENT_TEAM = DZN8PPXTKK;
				GENERATE_INFOPLIST_FILE = YES;
				MARKETING_VERSION = 1.0;
				PRODUCT_BUNDLE_IDENTIFIER = org.Identifier.iosApp2.kmpfw.DwebBrowserUITests;
				PRODUCT_NAME = "$(TARGET_NAME)";
				SWIFT_EMIT_LOC_STRINGS = NO;
				SWIFT_VERSION = 5.0;
				TARGETED_DEVICE_FAMILY = "1,2";
				TEST_TARGET_NAME = DwebBrowser;
			};
			name = Release;
		};
/* End XCBuildConfiguration section */

/* Begin XCConfigurationList section */
		48A8CC0C2B3C021C00A9CECC /* Build configuration list for PBXProject "DwebBrowser" */ = {
			isa = XCConfigurationList;
			buildConfigurations = (
				48A8CC332B3C021D00A9CECC /* Debug */,
				48A8CC342B3C021D00A9CECC /* Release */,
			);
			defaultConfigurationIsVisible = 0;
			defaultConfigurationName = Release;
		};
		48A8CC352B3C021D00A9CECC /* Build configuration list for PBXNativeTarget "DwebBrowser" */ = {
			isa = XCConfigurationList;
			buildConfigurations = (
				48A8CC362B3C021D00A9CECC /* Debug */,
				48A8CC372B3C021D00A9CECC /* Release */,
			);
			defaultConfigurationIsVisible = 0;
			defaultConfigurationName = Release;
		};
		48A8CC382B3C021D00A9CECC /* Build configuration list for PBXNativeTarget "DwebBrowserTests" */ = {
			isa = XCConfigurationList;
			buildConfigurations = (
				48A8CC392B3C021D00A9CECC /* Debug */,
				48A8CC3A2B3C021D00A9CECC /* Release */,
			);
			defaultConfigurationIsVisible = 0;
			defaultConfigurationName = Release;
		};
		48A8CC3B2B3C021D00A9CECC /* Build configuration list for PBXNativeTarget "DwebBrowserUITests" */ = {
			isa = XCConfigurationList;
			buildConfigurations = (
				48A8CC3C2B3C021D00A9CECC /* Debug */,
				48A8CC3D2B3C021D00A9CECC /* Release */,
			);
			defaultConfigurationIsVisible = 0;
			defaultConfigurationName = Release;
		};
/* End XCConfigurationList section */

/* Begin XCLocalSwiftPackageReference section */
		48FB53D72B3C093A000AA400 /* XCLocalSwiftPackageReference "../Packages/DwebWebBrowser" */ = {
			isa = XCLocalSwiftPackageReference;
			relativePath = ../Packages/DwebWebBrowser;
		};
/* End XCLocalSwiftPackageReference section */

/* Begin XCSwiftPackageProductDependency section */
		48FB53D82B3C093A000AA400 /* DwebWebBrowser */ = {
			isa = XCSwiftPackageProductDependency;
			productName = DwebWebBrowser;
		};
/* End XCSwiftPackageProductDependency section */
	};
	rootObject = 48A8CC092B3C021C00A9CECC /* Project object */;
}
