
Microsoft Visual Studio Solution File, Format Version 12.00
# Visual Studio Version 16
VisualStudioVersion = 25.0.1705.6
MinimumVisualStudioVersion = 10.0.40219.1
Project("{FAE04EC0-301F-11D3-BF4B-00C04F79EFBC}") = "SwiftUIMAUILibrary", "SwiftUIMAUILibrary\SwiftUIMAUILibrary.csproj", "{86DC918F-91FE-4358-8082-50A44271721C}"
EndProject
Global
	GlobalSection(SolutionConfigurationPlatforms) = preSolution
		Debug|Any CPU = Debug|Any CPU
		Release|Any CPU = Release|Any CPU
	EndGlobalSection
	GlobalSection(ProjectConfigurationPlatforms) = postSolution
		{86DC918F-91FE-4358-8082-50A44271721C}.Debug|Any CPU.ActiveCfg = Debug|Any CPU
		{86DC918F-91FE-4358-8082-50A44271721C}.Debug|Any CPU.Build.0 = Debug|Any CPU
		{86DC918F-91FE-4358-8082-50A44271721C}.Release|Any CPU.ActiveCfg = Release|Any CPU
		{86DC918F-91FE-4358-8082-50A44271721C}.Release|Any CPU.Build.0 = Release|Any CPU
	EndGlobalSection
	GlobalSection(SolutionProperties) = preSolution
		HideSolutionNode = FALSE
	EndGlobalSection
	GlobalSection(ExtensibilityGlobals) = postSolution
		SolutionGuid = {B2C8018E-D8B0-413A-90BB-FCF579A4B07C}
	EndGlobalSection
EndGlobal
